// !$*UTF8*$!
{
	archiveVersion = 1;
	classes = {
	};
	objectVersion = 56;
	objects = {

/* Begin PBXBuildFile section */
		47075B122B6B87BA00D09F28 /* LabView.swift in Sources */ = {isa = PBXBuildFile; fileRef = 47075B112B6B87BA00D09F28 /* LabView.swift */; };
		4709931A2B7648F60072F0D3 /* Kingfisher in Frameworks */ = {isa = PBXBuildFile; productRef = 470993192B7648F60072F0D3 /* Kingfisher */; };
		474093822B558F82004F10C5 /* ObservationDetailsView.swift in Sources */ = {isa = PBXBuildFile; fileRef = 474093812B558F82004F10C5 /* ObservationDetailsView.swift */; };
		474093842B55B5DE004F10C5 /* ManualView.swift in Sources */ = {isa = PBXBuildFile; fileRef = 474093832B55B5DE004F10C5 /* ManualView.swift */; };
		474093872B55B7AC004F10C5 /* MarkdownUI in Frameworks */ = {isa = PBXBuildFile; productRef = 474093862B55B7AC004F10C5 /* MarkdownUI */; };
		474093902B564F49004F10C5 /* settings.png in Resources */ = {isa = PBXBuildFile; fileRef = 474093892B564F49004F10C5 /* settings.png */; };
		474093912B564F49004F10C5 /* nl.png in Resources */ = {isa = PBXBuildFile; fileRef = 4740938A2B564F49004F10C5 /* nl.png */; };
		474093922B564F49004F10C5 /* map.png in Resources */ = {isa = PBXBuildFile; fileRef = 4740938B2B564F49004F10C5 /* map.png */; };
		474093932B564F49004F10C5 /* list.png in Resources */ = {isa = PBXBuildFile; fileRef = 4740938C2B564F49004F10C5 /* list.png */; };
		474093942B564F49004F10C5 /* specieslist.png in Resources */ = {isa = PBXBuildFile; fileRef = 4740938D2B564F49004F10C5 /* specieslist.png */; };
		474093952B564F49004F10C5 /* manual.png in Resources */ = {isa = PBXBuildFile; fileRef = 4740938E2B564F49004F10C5 /* manual.png */; };
		474093962B564F49004F10C5 /* QRCodeTestFlight.png in Resources */ = {isa = PBXBuildFile; fileRef = 4740938F2B564F49004F10C5 /* QRCodeTestFlight.png */; };
		474C402C2B4BC4040038B3A5 /* RavensApp.swift in Sources */ = {isa = PBXBuildFile; fileRef = 474C402B2B4BC4040038B3A5 /* RavensApp.swift */; };
		474C402E2B4BC4040038B3A5 /* RavensContentView.swift in Sources */ = {isa = PBXBuildFile; fileRef = 474C402D2B4BC4040038B3A5 /* RavensContentView.swift */; };
		474C40302B4BC4080038B3A5 /* Assets.xcassets in Resources */ = {isa = PBXBuildFile; fileRef = 474C402F2B4BC4080038B3A5 /* Assets.xcassets */; };
		474C40332B4BC4080038B3A5 /* Preview Assets.xcassets in Resources */ = {isa = PBXBuildFile; fileRef = 474C40322B4BC4080038B3A5 /* Preview Assets.xcassets */; };
		474C403C2B4BC5070038B3A5 /* Bird.swift in Sources */ = {isa = PBXBuildFile; fileRef = 474C403B2B4BC5070038B3A5 /* Bird.swift */; };
		474C403E2B4BC5400038B3A5 /* BirdViewModel.swift in Sources */ = {isa = PBXBuildFile; fileRef = 474C403D2B4BC5400038B3A5 /* BirdViewModel.swift */; };
		474C40412B4BC5780038B3A5 /* Alamofire in Frameworks */ = {isa = PBXBuildFile; productRef = 474C40402B4BC5780038B3A5 /* Alamofire */; };
		474C40462B4BC66A0038B3A5 /* BirdView.swift in Sources */ = {isa = PBXBuildFile; fileRef = 474C40452B4BC66A0038B3A5 /* BirdView.swift */; };
		474C40482B4BCC6B0038B3A5 /* SpeciesDetails.swift in Sources */ = {isa = PBXBuildFile; fileRef = 474C40472B4BCC6B0038B3A5 /* SpeciesDetails.swift */; };
		474C404A2B4BCC920038B3A5 /* SpeciesDetailsViewModel.swift in Sources */ = {isa = PBXBuildFile; fileRef = 474C40492B4BCC920038B3A5 /* SpeciesDetailsViewModel.swift */; };
		474C404C2B4BCE340038B3A5 /* SpeciesDetailsView.swift in Sources */ = {isa = PBXBuildFile; fileRef = 474C404B2B4BCE340038B3A5 /* SpeciesDetailsView.swift */; };
		474C404F2B4BD24F0038B3A5 /* RichText in Frameworks */ = {isa = PBXBuildFile; productRef = 474C404E2B4BD24F0038B3A5 /* RichText */; };
		474C40532B4BFD090038B3A5 /* RegionList.swift in Sources */ = {isa = PBXBuildFile; fileRef = 474C40522B4BFD090038B3A5 /* RegionList.swift */; };
		474C40552B4BFDC90038B3A5 /* RegionListViewModel.swift in Sources */ = {isa = PBXBuildFile; fileRef = 474C40542B4BFDC90038B3A5 /* RegionListViewModel.swift */; };
		474C40572B4BFE950038B3A5 /* RegionListView.swift in Sources */ = {isa = PBXBuildFile; fileRef = 474C40562B4BFE950038B3A5 /* RegionListView.swift */; };
		474C40592B4C047B0038B3A5 /* SpeciesGroup.swift in Sources */ = {isa = PBXBuildFile; fileRef = 474C40582B4C047B0038B3A5 /* SpeciesGroup.swift */; };
		474C405B2B4C04C70038B3A5 /* SpeciesGroupViewModel.swift in Sources */ = {isa = PBXBuildFile; fileRef = 474C405A2B4C04C70038B3A5 /* SpeciesGroupViewModel.swift */; };
		474C405D2B4C05980038B3A5 /* SpeciesGroupView.swift in Sources */ = {isa = PBXBuildFile; fileRef = 474C405C2B4C05980038B3A5 /* SpeciesGroupView.swift */; };
		474C405F2B4C08750038B3A5 /* Language.swift in Sources */ = {isa = PBXBuildFile; fileRef = 474C405E2B4C08750038B3A5 /* Language.swift */; };
		474C40612B4C08FB0038B3A5 /* LanguageViewModel.swift in Sources */ = {isa = PBXBuildFile; fileRef = 474C40602B4C08FB0038B3A5 /* LanguageViewModel.swift */; };
		474C40632B4C091F0038B3A5 /* LanguageView.swift in Sources */ = {isa = PBXBuildFile; fileRef = 474C40622B4C091F0038B3A5 /* LanguageView.swift */; };
		474C407F2B4D15610038B3A5 /* SettingsView.swift in Sources */ = {isa = PBXBuildFile; fileRef = 474C407E2B4D15610038B3A5 /* SettingsView.swift */; };
		474C40842B4D189F0038B3A5 /* MapObservationView.swift in Sources */ = {isa = PBXBuildFile; fileRef = 474C40832B4D189F0038B3A5 /* MapObservationView.swift */; };
		474C40862B4D84030038B3A5 /* Settings.swift in Sources */ = {isa = PBXBuildFile; fileRef = 474C40852B4D84030038B3A5 /* Settings.swift */; };
		474C408A2B4DAA110038B3A5 /* Region.swift in Sources */ = {isa = PBXBuildFile; fileRef = 474C40892B4DAA110038B3A5 /* Region.swift */; };
		474C408C2B4DAC590038B3A5 /* RegionViewModel.swift in Sources */ = {isa = PBXBuildFile; fileRef = 474C408B2B4DAC590038B3A5 /* RegionViewModel.swift */; };
		474C408E2B4DB2850038B3A5 /* RegionsView.swift in Sources */ = {isa = PBXBuildFile; fileRef = 474C408D2B4DB2850038B3A5 /* RegionsView.swift */; };
		474C40902B4FFD820038B3A5 /* Observations.swift in Sources */ = {isa = PBXBuildFile; fileRef = 474C408F2B4FFD820038B3A5 /* Observations.swift */; };
		474C40982B5000370038B3A5 /* OptionallyDecodable in Frameworks */ = {isa = PBXBuildFile; productRef = 474C40972B5000370038B3A5 /* OptionallyDecodable */; };
		474C409A2B50073C0038B3A5 /* ObservationsViewModel.swift in Sources */ = {isa = PBXBuildFile; fileRef = 474C40992B50073C0038B3A5 /* ObservationsViewModel.swift */; };
		474C409C2B500AE90038B3A5 /* ObservationsView.swift in Sources */ = {isa = PBXBuildFile; fileRef = 474C409B2B500AE90038B3A5 /* ObservationsView.swift */; };
		47568D2D2B59B54500E69B1A /* ObservationsSpecies.swift in Sources */ = {isa = PBXBuildFile; fileRef = 47568D2C2B59B54500E69B1A /* ObservationsSpecies.swift */; };
		47568D2F2B59BA1300E69B1A /* ObservationsSpeciesViewModel.swift in Sources */ = {isa = PBXBuildFile; fileRef = 47568D2E2B59BA1300E69B1A /* ObservationsSpeciesViewModel.swift */; };
		47568D312B59BABB00E69B1A /* ObservationsSpeciesView.swift in Sources */ = {isa = PBXBuildFile; fileRef = 47568D302B59BABB00E69B1A /* ObservationsSpeciesView.swift */; };
		47568D332B5A724D00E69B1A /* MapObservationsSpeciesView.swift in Sources */ = {isa = PBXBuildFile; fileRef = 47568D322B5A724D00E69B1A /* MapObservationsSpeciesView.swift */; };
		4757E0742B7DE02B003F148E /* Authentication.swift in Sources */ = {isa = PBXBuildFile; fileRef = 4757E0732B7DE02B003F148E /* Authentication.swift */; };
		4767396C2B5D5BE400DC8187 /* FloatingButton in Frameworks */ = {isa = PBXBuildFile; productRef = 4767396B2B5D5BE400DC8187 /* FloatingButton */; };
		4770754B2B711681002D2DD8 /* KeychainAccess in Frameworks */ = {isa = PBXBuildFile; productRef = 4770754A2B711681002D2DD8 /* KeychainAccess */; };
		4774D2CA2B5BEE420096A0E3 /* SwiftyBeaver in Frameworks */ = {isa = PBXBuildFile; productRef = 4774D2C92B5BEE420096A0E3 /* SwiftyBeaver */; };
		4781539B2B57BDC2005F87CC /* README.md in Resources */ = {isa = PBXBuildFile; fileRef = 4781539A2B57BDC2005F87CC /* README.md */; };
		4781539D2B57C166005F87CC /* Localizable.xcstrings in Resources */ = {isa = PBXBuildFile; fileRef = 4781539C2B57C166005F87CC /* Localizable.xcstrings */; };
		478153B92B58022B005F87CC /* LoginView.swift in Sources */ = {isa = PBXBuildFile; fileRef = 478153B82B58022B005F87CC /* LoginView.swift */; };
		478153BB2B5809FB005F87CC /* LoginViewModel.swift in Sources */ = {isa = PBXBuildFile; fileRef = 478153BA2B5809FB005F87CC /* LoginViewModel.swift */; };
		4784B5402B7BDAA60051D03E /* AlamofireImage in Frameworks */ = {isa = PBXBuildFile; productRef = 4784B53F2B7BDAA60051D03E /* AlamofireImage */; };
		4784B5422B7BE1040051D03E /* AFImageView.swift in Sources */ = {isa = PBXBuildFile; fileRef = 4784B5412B7BE1040051D03E /* AFImageView.swift */; };
		4784FA5C2B55039900FEC7F9 /* ExtensionsAndFunctions.swift in Sources */ = {isa = PBXBuildFile; fileRef = 4784FA5B2B55039900FEC7F9 /* ExtensionsAndFunctions.swift */; };
		478DE5462B6554E600FF7737 /* SettingsDetailsView.swift in Sources */ = {isa = PBXBuildFile; fileRef = 478DE5452B6554E600FF7737 /* SettingsDetailsView.swift */; };
		47AFF6E32B7C8C70004868D0 /* LookUpsView.swift in Sources */ = {isa = PBXBuildFile; fileRef = 47AFF6E22B7C8C70004868D0 /* LookUpsView.swift */; };
		47AFF6E52B7CAC71004868D0 /* SingersView.swift in Sources */ = {isa = PBXBuildFile; fileRef = 47AFF6E42B7CAC71004868D0 /* SingersView.swift */; };
		47B7E3B62B5D9C5500B88043 /* FloatingButton.swift in Sources */ = {isa = PBXBuildFile; fileRef = 47B7E3B52B5D9C5500B88043 /* FloatingButton.swift */; };
		47DB89B22B7A394B0093C1ED /* Obs.swift in Sources */ = {isa = PBXBuildFile; fileRef = 47DB89B12B7A394B0093C1ED /* Obs.swift */; };
		47DB89B42B7A397F0093C1ED /* ObsViewModel.swift in Sources */ = {isa = PBXBuildFile; fileRef = 47DB89B32B7A397F0093C1ED /* ObsViewModel.swift */; };
		47DB89B82B7A3AB20093C1ED /* ObsView.swift in Sources */ = {isa = PBXBuildFile; fileRef = 47DB89B72B7A3AB20093C1ED /* ObsView.swift */; };
/* End PBXBuildFile section */

/* Begin PBXFileReference section */
		47075B112B6B87BA00D09F28 /* LabView.swift */ = {isa = PBXFileReference; lastKnownFileType = sourcecode.swift; path = LabView.swift; sourceTree = "<group>"; };
		474093812B558F82004F10C5 /* ObservationDetailsView.swift */ = {isa = PBXFileReference; lastKnownFileType = sourcecode.swift; path = ObservationDetailsView.swift; sourceTree = "<group>"; };
		474093832B55B5DE004F10C5 /* ManualView.swift */ = {isa = PBXFileReference; lastKnownFileType = sourcecode.swift; path = ManualView.swift; sourceTree = "<group>"; };
		474093892B564F49004F10C5 /* settings.png */ = {isa = PBXFileReference; lastKnownFileType = image.png; path = settings.png; sourceTree = "<group>"; };
		4740938A2B564F49004F10C5 /* nl.png */ = {isa = PBXFileReference; lastKnownFileType = image.png; path = nl.png; sourceTree = "<group>"; };
		4740938B2B564F49004F10C5 /* map.png */ = {isa = PBXFileReference; lastKnownFileType = image.png; path = map.png; sourceTree = "<group>"; };
		4740938C2B564F49004F10C5 /* list.png */ = {isa = PBXFileReference; lastKnownFileType = image.png; path = list.png; sourceTree = "<group>"; };
		4740938D2B564F49004F10C5 /* specieslist.png */ = {isa = PBXFileReference; lastKnownFileType = image.png; path = specieslist.png; sourceTree = "<group>"; };
		4740938E2B564F49004F10C5 /* manual.png */ = {isa = PBXFileReference; lastKnownFileType = image.png; path = manual.png; sourceTree = "<group>"; };
		4740938F2B564F49004F10C5 /* QRCodeTestFlight.png */ = {isa = PBXFileReference; lastKnownFileType = image.png; path = QRCodeTestFlight.png; sourceTree = "<group>"; };
		474C40282B4BC4040038B3A5 /* Ravens.app */ = {isa = PBXFileReference; explicitFileType = wrapper.application; includeInIndex = 0; path = Ravens.app; sourceTree = BUILT_PRODUCTS_DIR; };
		474C402B2B4BC4040038B3A5 /* RavensApp.swift */ = {isa = PBXFileReference; lastKnownFileType = sourcecode.swift; path = RavensApp.swift; sourceTree = "<group>"; };
		474C402D2B4BC4040038B3A5 /* RavensContentView.swift */ = {isa = PBXFileReference; lastKnownFileType = sourcecode.swift; path = RavensContentView.swift; sourceTree = "<group>"; };
		474C402F2B4BC4080038B3A5 /* Assets.xcassets */ = {isa = PBXFileReference; lastKnownFileType = folder.assetcatalog; path = Assets.xcassets; sourceTree = "<group>"; };
		474C40322B4BC4080038B3A5 /* Preview Assets.xcassets */ = {isa = PBXFileReference; lastKnownFileType = folder.assetcatalog; path = "Preview Assets.xcassets"; sourceTree = "<group>"; };
		474C403B2B4BC5070038B3A5 /* Bird.swift */ = {isa = PBXFileReference; lastKnownFileType = sourcecode.swift; path = Bird.swift; sourceTree = "<group>"; };
		474C403D2B4BC5400038B3A5 /* BirdViewModel.swift */ = {isa = PBXFileReference; lastKnownFileType = sourcecode.swift; path = BirdViewModel.swift; sourceTree = "<group>"; };
		474C40452B4BC66A0038B3A5 /* BirdView.swift */ = {isa = PBXFileReference; lastKnownFileType = sourcecode.swift; path = BirdView.swift; sourceTree = "<group>"; };
		474C40472B4BCC6B0038B3A5 /* SpeciesDetails.swift */ = {isa = PBXFileReference; lastKnownFileType = sourcecode.swift; path = SpeciesDetails.swift; sourceTree = "<group>"; };
		474C40492B4BCC920038B3A5 /* SpeciesDetailsViewModel.swift */ = {isa = PBXFileReference; lastKnownFileType = sourcecode.swift; path = SpeciesDetailsViewModel.swift; sourceTree = "<group>"; };
		474C404B2B4BCE340038B3A5 /* SpeciesDetailsView.swift */ = {isa = PBXFileReference; lastKnownFileType = sourcecode.swift; path = SpeciesDetailsView.swift; sourceTree = "<group>"; };
		474C40522B4BFD090038B3A5 /* RegionList.swift */ = {isa = PBXFileReference; lastKnownFileType = sourcecode.swift; path = RegionList.swift; sourceTree = "<group>"; };
		474C40542B4BFDC90038B3A5 /* RegionListViewModel.swift */ = {isa = PBXFileReference; lastKnownFileType = sourcecode.swift; path = RegionListViewModel.swift; sourceTree = "<group>"; };
		474C40562B4BFE950038B3A5 /* RegionListView.swift */ = {isa = PBXFileReference; lastKnownFileType = sourcecode.swift; path = RegionListView.swift; sourceTree = "<group>"; };
		474C40582B4C047B0038B3A5 /* SpeciesGroup.swift */ = {isa = PBXFileReference; lastKnownFileType = sourcecode.swift; path = SpeciesGroup.swift; sourceTree = "<group>"; };
		474C405A2B4C04C70038B3A5 /* SpeciesGroupViewModel.swift */ = {isa = PBXFileReference; lastKnownFileType = sourcecode.swift; path = SpeciesGroupViewModel.swift; sourceTree = "<group>"; };
		474C405C2B4C05980038B3A5 /* SpeciesGroupView.swift */ = {isa = PBXFileReference; lastKnownFileType = sourcecode.swift; path = SpeciesGroupView.swift; sourceTree = "<group>"; };
		474C405E2B4C08750038B3A5 /* Language.swift */ = {isa = PBXFileReference; lastKnownFileType = sourcecode.swift; path = Language.swift; sourceTree = "<group>"; };
		474C40602B4C08FB0038B3A5 /* LanguageViewModel.swift */ = {isa = PBXFileReference; lastKnownFileType = sourcecode.swift; path = LanguageViewModel.swift; sourceTree = "<group>"; };
		474C40622B4C091F0038B3A5 /* LanguageView.swift */ = {isa = PBXFileReference; lastKnownFileType = sourcecode.swift; path = LanguageView.swift; sourceTree = "<group>"; };
		474C407E2B4D15610038B3A5 /* SettingsView.swift */ = {isa = PBXFileReference; lastKnownFileType = sourcecode.swift; path = SettingsView.swift; sourceTree = "<group>"; };
		474C40832B4D189F0038B3A5 /* MapObservationView.swift */ = {isa = PBXFileReference; lastKnownFileType = sourcecode.swift; path = MapObservationView.swift; sourceTree = "<group>"; };
		474C40852B4D84030038B3A5 /* Settings.swift */ = {isa = PBXFileReference; lastKnownFileType = sourcecode.swift; path = Settings.swift; sourceTree = "<group>"; };
		474C40892B4DAA110038B3A5 /* Region.swift */ = {isa = PBXFileReference; lastKnownFileType = sourcecode.swift; path = Region.swift; sourceTree = "<group>"; };
		474C408B2B4DAC590038B3A5 /* RegionViewModel.swift */ = {isa = PBXFileReference; lastKnownFileType = sourcecode.swift; path = RegionViewModel.swift; sourceTree = "<group>"; };
		474C408D2B4DB2850038B3A5 /* RegionsView.swift */ = {isa = PBXFileReference; lastKnownFileType = sourcecode.swift; path = RegionsView.swift; sourceTree = "<group>"; };
		474C408F2B4FFD820038B3A5 /* Observations.swift */ = {isa = PBXFileReference; lastKnownFileType = sourcecode.swift; path = Observations.swift; sourceTree = "<group>"; };
		474C40992B50073C0038B3A5 /* ObservationsViewModel.swift */ = {isa = PBXFileReference; lastKnownFileType = sourcecode.swift; path = ObservationsViewModel.swift; sourceTree = "<group>"; };
		474C409B2B500AE90038B3A5 /* ObservationsView.swift */ = {isa = PBXFileReference; lastKnownFileType = sourcecode.swift; path = ObservationsView.swift; sourceTree = "<group>"; };
		47568D2C2B59B54500E69B1A /* ObservationsSpecies.swift */ = {isa = PBXFileReference; lastKnownFileType = sourcecode.swift; path = ObservationsSpecies.swift; sourceTree = "<group>"; };
		47568D2E2B59BA1300E69B1A /* ObservationsSpeciesViewModel.swift */ = {isa = PBXFileReference; lastKnownFileType = sourcecode.swift; path = ObservationsSpeciesViewModel.swift; sourceTree = "<group>"; };
		47568D302B59BABB00E69B1A /* ObservationsSpeciesView.swift */ = {isa = PBXFileReference; lastKnownFileType = sourcecode.swift; path = ObservationsSpeciesView.swift; sourceTree = "<group>"; };
		47568D322B5A724D00E69B1A /* MapObservationsSpeciesView.swift */ = {isa = PBXFileReference; lastKnownFileType = sourcecode.swift; path = MapObservationsSpeciesView.swift; sourceTree = "<group>"; };
		4757E0732B7DE02B003F148E /* Authentication.swift */ = {isa = PBXFileReference; lastKnownFileType = sourcecode.swift; path = Authentication.swift; sourceTree = "<group>"; };
		4774D2CB2B5C208B0096A0E3 /* TODO.md */ = {isa = PBXFileReference; lastKnownFileType = net.daringfireball.markdown; path = TODO.md; sourceTree = "<group>"; };
		4781539A2B57BDC2005F87CC /* README.md */ = {isa = PBXFileReference; fileEncoding = 4; lastKnownFileType = net.daringfireball.markdown; path = README.md; sourceTree = SOURCE_ROOT; };
		4781539C2B57C166005F87CC /* Localizable.xcstrings */ = {isa = PBXFileReference; lastKnownFileType = text.json.xcstrings; path = Localizable.xcstrings; sourceTree = "<group>"; };
		478153B82B58022B005F87CC /* LoginView.swift */ = {isa = PBXFileReference; lastKnownFileType = sourcecode.swift; path = LoginView.swift; sourceTree = "<group>"; };
		478153BA2B5809FB005F87CC /* LoginViewModel.swift */ = {isa = PBXFileReference; lastKnownFileType = sourcecode.swift; path = LoginViewModel.swift; sourceTree = "<group>"; };
		4784B5412B7BE1040051D03E /* AFImageView.swift */ = {isa = PBXFileReference; lastKnownFileType = sourcecode.swift; path = AFImageView.swift; sourceTree = "<group>"; };
		4784FA5B2B55039900FEC7F9 /* ExtensionsAndFunctions.swift */ = {isa = PBXFileReference; lastKnownFileType = sourcecode.swift; path = ExtensionsAndFunctions.swift; sourceTree = SOURCE_ROOT; };
		478DE5452B6554E600FF7737 /* SettingsDetailsView.swift */ = {isa = PBXFileReference; lastKnownFileType = sourcecode.swift; path = SettingsDetailsView.swift; sourceTree = "<group>"; };
		47AFF6E22B7C8C70004868D0 /* LookUpsView.swift */ = {isa = PBXFileReference; lastKnownFileType = sourcecode.swift; path = LookUpsView.swift; sourceTree = "<group>"; };
		47AFF6E42B7CAC71004868D0 /* SingersView.swift */ = {isa = PBXFileReference; lastKnownFileType = sourcecode.swift; path = SingersView.swift; sourceTree = "<group>"; };
		47B7E3B52B5D9C5500B88043 /* FloatingButton.swift */ = {isa = PBXFileReference; lastKnownFileType = sourcecode.swift; path = FloatingButton.swift; sourceTree = "<group>"; };
		47DB898E2B79FB4A0093C1ED /* krommerijn.json */ = {isa = PBXFileReference; lastKnownFileType = text.json; path = krommerijn.json; sourceTree = "<group>"; };
		47DB89B12B7A394B0093C1ED /* Obs.swift */ = {isa = PBXFileReference; lastKnownFileType = sourcecode.swift; path = Obs.swift; sourceTree = "<group>"; };
		47DB89B32B7A397F0093C1ED /* ObsViewModel.swift */ = {isa = PBXFileReference; lastKnownFileType = sourcecode.swift; path = ObsViewModel.swift; sourceTree = "<group>"; };
		47DB89B72B7A3AB20093C1ED /* ObsView.swift */ = {isa = PBXFileReference; lastKnownFileType = sourcecode.swift; path = ObsView.swift; sourceTree = "<group>"; };
/* End PBXFileReference section */

/* Begin PBXFrameworksBuildPhase section */
		474C40252B4BC4040038B3A5 /* Frameworks */ = {
			isa = PBXFrameworksBuildPhase;
			buildActionMask = 2147483647;
			files = (
				474C40412B4BC5780038B3A5 /* Alamofire in Frameworks */,
				4767396C2B5D5BE400DC8187 /* FloatingButton in Frameworks */,
				4784B5402B7BDAA60051D03E /* AlamofireImage in Frameworks */,
				474C40982B5000370038B3A5 /* OptionallyDecodable in Frameworks */,
				474C404F2B4BD24F0038B3A5 /* RichText in Frameworks */,
				4709931A2B7648F60072F0D3 /* Kingfisher in Frameworks */,
				4770754B2B711681002D2DD8 /* KeychainAccess in Frameworks */,
				474093872B55B7AC004F10C5 /* MarkdownUI in Frameworks */,
				4774D2CA2B5BEE420096A0E3 /* SwiftyBeaver in Frameworks */,
			);
			runOnlyForDeploymentPostprocessing = 0;
		};
/* End PBXFrameworksBuildPhase section */

/* Begin PBXGroup section */
		474093882B564F49004F10C5 /* images */ = {
			isa = PBXGroup;
			children = (
				474093892B564F49004F10C5 /* settings.png */,
				4740938A2B564F49004F10C5 /* nl.png */,
				4740938B2B564F49004F10C5 /* map.png */,
				4740938C2B564F49004F10C5 /* list.png */,
				4740938D2B564F49004F10C5 /* specieslist.png */,
				4740938E2B564F49004F10C5 /* manual.png */,
				4740938F2B564F49004F10C5 /* QRCodeTestFlight.png */,
			);
			path = images;
			sourceTree = SOURCE_ROOT;
		};
		474C401F2B4BC4040038B3A5 = {
			isa = PBXGroup;
			children = (
				4757E0732B7DE02B003F148E /* Authentication.swift */,
				47AFF6E42B7CAC71004868D0 /* SingersView.swift */,
				47DB898E2B79FB4A0093C1ED /* krommerijn.json */,
				47075B112B6B87BA00D09F28 /* LabView.swift */,
				47B7E3B52B5D9C5500B88043 /* FloatingButton.swift */,
				4784FA5B2B55039900FEC7F9 /* ExtensionsAndFunctions.swift */,
				474C402A2B4BC4040038B3A5 /* Ravens */,
				474C40292B4BC4040038B3A5 /* Products */,
			);
			sourceTree = "<group>";
		};
		474C40292B4BC4040038B3A5 /* Products */ = {
			isa = PBXGroup;
			children = (
				474C40282B4BC4040038B3A5 /* Ravens.app */,
			);
			name = Products;
			sourceTree = "<group>";
		};
		474C402A2B4BC4040038B3A5 /* Ravens */ = {
			isa = PBXGroup;
			children = (
				474093882B564F49004F10C5 /* images */,
				4781539A2B57BDC2005F87CC /* README.md */,
				4774D2CB2B5C208B0096A0E3 /* TODO.md */,
				47CF61DD2B60EDCD00709CE3 /* ViewsNotUsed */,
				474C40812B4D17B40038B3A5 /* Data */,
				474C40802B4D17AA0038B3A5 /* Models */,
				474C40822B4D17C00038B3A5 /* Views */,
				474C402D2B4BC4040038B3A5 /* RavensContentView.swift */,
				474C402B2B4BC4040038B3A5 /* RavensApp.swift */,
				474C402F2B4BC4080038B3A5 /* Assets.xcassets */,
				474C40312B4BC4080038B3A5 /* Preview Content */,
				4781539C2B57C166005F87CC /* Localizable.xcstrings */,
			);
			path = Ravens;
			sourceTree = "<group>";
		};
		474C40312B4BC4080038B3A5 /* Preview Content */ = {
			isa = PBXGroup;
			children = (
				474C40322B4BC4080038B3A5 /* Preview Assets.xcassets */,
			);
			path = "Preview Content";
			sourceTree = "<group>";
		};
		474C40802B4D17AA0038B3A5 /* Models */ = {
			isa = PBXGroup;
			children = (
				474C403D2B4BC5400038B3A5 /* BirdViewModel.swift */,
				474C40492B4BCC920038B3A5 /* SpeciesDetailsViewModel.swift */,
				474C40542B4BFDC90038B3A5 /* RegionListViewModel.swift */,
				474C405A2B4C04C70038B3A5 /* SpeciesGroupViewModel.swift */,
				474C40602B4C08FB0038B3A5 /* LanguageViewModel.swift */,
				474C408B2B4DAC590038B3A5 /* RegionViewModel.swift */,
				474C40992B50073C0038B3A5 /* ObservationsViewModel.swift */,
				478153BA2B5809FB005F87CC /* LoginViewModel.swift */,
				47568D2E2B59BA1300E69B1A /* ObservationsSpeciesViewModel.swift */,
				47DB89B32B7A397F0093C1ED /* ObsViewModel.swift */,
			);
			path = Models;
			sourceTree = "<group>";
		};
		474C40812B4D17B40038B3A5 /* Data */ = {
			isa = PBXGroup;
			children = (
				474C403B2B4BC5070038B3A5 /* Bird.swift */,
				474C40472B4BCC6B0038B3A5 /* SpeciesDetails.swift */,
				474C40522B4BFD090038B3A5 /* RegionList.swift */,
				474C40582B4C047B0038B3A5 /* SpeciesGroup.swift */,
				474C405E2B4C08750038B3A5 /* Language.swift */,
				474C40892B4DAA110038B3A5 /* Region.swift */,
				474C40852B4D84030038B3A5 /* Settings.swift */,
				474C408F2B4FFD820038B3A5 /* Observations.swift */,
				47568D2C2B59B54500E69B1A /* ObservationsSpecies.swift */,
				47DB89B12B7A394B0093C1ED /* Obs.swift */,
			);
			path = Data;
			sourceTree = "<group>";
		};
		474C40822B4D17C00038B3A5 /* Views */ = {
			isa = PBXGroup;
			children = (
				474093812B558F82004F10C5 /* ObservationDetailsView.swift */,
				47DB89B72B7A3AB20093C1ED /* ObsView.swift */,
				4784B5412B7BE1040051D03E /* AFImageView.swift */,
				474C40452B4BC66A0038B3A5 /* BirdView.swift */,
				478DE5452B6554E600FF7737 /* SettingsDetailsView.swift */,
				478153B82B58022B005F87CC /* LoginView.swift */,
				474C408D2B4DB2850038B3A5 /* RegionsView.swift */,
				474C40622B4C091F0038B3A5 /* LanguageView.swift */,
				47568D302B59BABB00E69B1A /* ObservationsSpeciesView.swift */,
				474C40832B4D189F0038B3A5 /* MapObservationView.swift */,
				474C409B2B500AE90038B3A5 /* ObservationsView.swift */,
				474C404B2B4BCE340038B3A5 /* SpeciesDetailsView.swift */,
				474C407E2B4D15610038B3A5 /* SettingsView.swift */,
				474093832B55B5DE004F10C5 /* ManualView.swift */,
				47568D322B5A724D00E69B1A /* MapObservationsSpeciesView.swift */,
			);
			path = Views;
			sourceTree = "<group>";
		};
		47CF61DD2B60EDCD00709CE3 /* ViewsNotUsed */ = {
			isa = PBXGroup;
			children = (
				47AFF6E22B7C8C70004868D0 /* LookUpsView.swift */,
				474C40562B4BFE950038B3A5 /* RegionListView.swift */,
				474C405C2B4C05980038B3A5 /* SpeciesGroupView.swift */,
			);
			path = ViewsNotUsed;
			sourceTree = "<group>";
		};
/* End PBXGroup section */

/* Begin PBXNativeTarget section */
		474C40272B4BC4040038B3A5 /* Ravens */ = {
			isa = PBXNativeTarget;
			buildConfigurationList = 474C40362B4BC4080038B3A5 /* Build configuration list for PBXNativeTarget "Ravens" */;
			buildPhases = (
				474C40242B4BC4040038B3A5 /* Sources */,
				474C40252B4BC4040038B3A5 /* Frameworks */,
				474C40262B4BC4040038B3A5 /* Resources */,
			);
			buildRules = (
			);
			dependencies = (
			);
			name = Ravens;
			packageProductDependencies = (
				474C40402B4BC5780038B3A5 /* Alamofire */,
				474C404E2B4BD24F0038B3A5 /* RichText */,
				474C40972B5000370038B3A5 /* OptionallyDecodable */,
				474093862B55B7AC004F10C5 /* MarkdownUI */,
				4774D2C92B5BEE420096A0E3 /* SwiftyBeaver */,
				4767396B2B5D5BE400DC8187 /* FloatingButton */,
				4770754A2B711681002D2DD8 /* KeychainAccess */,
				470993192B7648F60072F0D3 /* Kingfisher */,
				4784B53F2B7BDAA60051D03E /* AlamofireImage */,
			);
			productName = Ravens;
			productReference = 474C40282B4BC4040038B3A5 /* Ravens.app */;
			productType = "com.apple.product-type.application";
		};
/* End PBXNativeTarget section */

/* Begin PBXProject section */
		474C40202B4BC4040038B3A5 /* Project object */ = {
			isa = PBXProject;
			attributes = {
				BuildIndependentTargetsInParallel = 1;
				LastSwiftUpdateCheck = 1510;
				LastUpgradeCheck = 1520;
				TargetAttributes = {
					474C40272B4BC4040038B3A5 = {
						CreatedOnToolsVersion = 15.1;
					};
				};
			};
			buildConfigurationList = 474C40232B4BC4040038B3A5 /* Build configuration list for PBXProject "Ravens" */;
			compatibilityVersion = "Xcode 14.0";
			developmentRegion = en;
			hasScannedForEncodings = 0;
			knownRegions = (
				en,
				Base,
				nl,
			);
			mainGroup = 474C401F2B4BC4040038B3A5;
			packageReferences = (
				474C403F2B4BC5780038B3A5 /* XCRemoteSwiftPackageReference "Alamofire" */,
				474C404D2B4BD24F0038B3A5 /* XCRemoteSwiftPackageReference "RichText" */,
				474C40962B5000370038B3A5 /* XCRemoteSwiftPackageReference "OptionallyDecodable" */,
				474093852B55B7AC004F10C5 /* XCRemoteSwiftPackageReference "swift-markdown-ui" */,
				4774D2C82B5BEE420096A0E3 /* XCRemoteSwiftPackageReference "SwiftyBeaver" */,
				4767396A2B5D5BE400DC8187 /* XCRemoteSwiftPackageReference "FloatingButton" */,
				477075492B711681002D2DD8 /* XCRemoteSwiftPackageReference "KeychainAccess" */,
				470993182B7648F60072F0D3 /* XCRemoteSwiftPackageReference "Kingfisher" */,
				4784B53E2B7BDAA60051D03E /* XCRemoteSwiftPackageReference "AlamofireImage" */,
			);
			productRefGroup = 474C40292B4BC4040038B3A5 /* Products */;
			projectDirPath = "";
			projectRoot = "";
			targets = (
				474C40272B4BC4040038B3A5 /* Ravens */,
			);
		};
/* End PBXProject section */

/* Begin PBXResourcesBuildPhase section */
		474C40262B4BC4040038B3A5 /* Resources */ = {
			isa = PBXResourcesBuildPhase;
			buildActionMask = 2147483647;
			files = (
				474093902B564F49004F10C5 /* settings.png in Resources */,
				474093942B564F49004F10C5 /* specieslist.png in Resources */,
				474C40332B4BC4080038B3A5 /* Preview Assets.xcassets in Resources */,
				474093952B564F49004F10C5 /* manual.png in Resources */,
				474093962B564F49004F10C5 /* QRCodeTestFlight.png in Resources */,
				4781539D2B57C166005F87CC /* Localizable.xcstrings in Resources */,
				474C40302B4BC4080038B3A5 /* Assets.xcassets in Resources */,
				474093912B564F49004F10C5 /* nl.png in Resources */,
				474093922B564F49004F10C5 /* map.png in Resources */,
				4781539B2B57BDC2005F87CC /* README.md in Resources */,
				474093932B564F49004F10C5 /* list.png in Resources */,
			);
			runOnlyForDeploymentPostprocessing = 0;
		};
/* End PBXResourcesBuildPhase section */

/* Begin PBXSourcesBuildPhase section */
		474C40242B4BC4040038B3A5 /* Sources */ = {
			isa = PBXSourcesBuildPhase;
			buildActionMask = 2147483647;
			files = (
				47568D2F2B59BA1300E69B1A /* ObservationsSpeciesViewModel.swift in Sources */,
				474093842B55B5DE004F10C5 /* ManualView.swift in Sources */,
				474C40632B4C091F0038B3A5 /* LanguageView.swift in Sources */,
				474C40572B4BFE950038B3A5 /* RegionListView.swift in Sources */,
				478DE5462B6554E600FF7737 /* SettingsDetailsView.swift in Sources */,
				474C40552B4BFDC90038B3A5 /* RegionListViewModel.swift in Sources */,
				47DB89B42B7A397F0093C1ED /* ObsViewModel.swift in Sources */,
				474C407F2B4D15610038B3A5 /* SettingsView.swift in Sources */,
				4757E0742B7DE02B003F148E /* Authentication.swift in Sources */,
				47AFF6E52B7CAC71004868D0 /* SingersView.swift in Sources */,
				47AFF6E32B7C8C70004868D0 /* LookUpsView.swift in Sources */,
				474C40612B4C08FB0038B3A5 /* LanguageViewModel.swift in Sources */,
				47DB89B22B7A394B0093C1ED /* Obs.swift in Sources */,
				474C408E2B4DB2850038B3A5 /* RegionsView.swift in Sources */,
				474C40532B4BFD090038B3A5 /* RegionList.swift in Sources */,
				474C408A2B4DAA110038B3A5 /* Region.swift in Sources */,
				47568D2D2B59B54500E69B1A /* ObservationsSpecies.swift in Sources */,
				47B7E3B62B5D9C5500B88043 /* FloatingButton.swift in Sources */,
				474C404C2B4BCE340038B3A5 /* SpeciesDetailsView.swift in Sources */,
				474C402E2B4BC4040038B3A5 /* RavensContentView.swift in Sources */,
				474C40842B4D189F0038B3A5 /* MapObservationView.swift in Sources */,
				474C40462B4BC66A0038B3A5 /* BirdView.swift in Sources */,
				474093822B558F82004F10C5 /* ObservationDetailsView.swift in Sources */,
				474C405F2B4C08750038B3A5 /* Language.swift in Sources */,
				474C408C2B4DAC590038B3A5 /* RegionViewModel.swift in Sources */,
				47DB89B82B7A3AB20093C1ED /* ObsView.swift in Sources */,
				4784FA5C2B55039900FEC7F9 /* ExtensionsAndFunctions.swift in Sources */,
				478153BB2B5809FB005F87CC /* LoginViewModel.swift in Sources */,
				474C405B2B4C04C70038B3A5 /* SpeciesGroupViewModel.swift in Sources */,
				474C40592B4C047B0038B3A5 /* SpeciesGroup.swift in Sources */,
				47568D332B5A724D00E69B1A /* MapObservationsSpeciesView.swift in Sources */,
				474C40902B4FFD820038B3A5 /* Observations.swift in Sources */,
				474C403C2B4BC5070038B3A5 /* Bird.swift in Sources */,
				474C402C2B4BC4040038B3A5 /* RavensApp.swift in Sources */,
				478153B92B58022B005F87CC /* LoginView.swift in Sources */,
				474C40862B4D84030038B3A5 /* Settings.swift in Sources */,
				474C404A2B4BCC920038B3A5 /* SpeciesDetailsViewModel.swift in Sources */,
				474C403E2B4BC5400038B3A5 /* BirdViewModel.swift in Sources */,
				47075B122B6B87BA00D09F28 /* LabView.swift in Sources */,
				474C409A2B50073C0038B3A5 /* ObservationsViewModel.swift in Sources */,
				474C40482B4BCC6B0038B3A5 /* SpeciesDetails.swift in Sources */,
				474C405D2B4C05980038B3A5 /* SpeciesGroupView.swift in Sources */,
				474C409C2B500AE90038B3A5 /* ObservationsView.swift in Sources */,
				4784B5422B7BE1040051D03E /* AFImageView.swift in Sources */,
				47568D312B59BABB00E69B1A /* ObservationsSpeciesView.swift in Sources */,
			);
			runOnlyForDeploymentPostprocessing = 0;
		};
/* End PBXSourcesBuildPhase section */

/* Begin XCBuildConfiguration section */
		474C40342B4BC4080038B3A5 /* Debug */ = {
			isa = XCBuildConfiguration;
			buildSettings = {
				ALWAYS_SEARCH_USER_PATHS = NO;
				ASSETCATALOG_COMPILER_GENERATE_SWIFT_ASSET_SYMBOL_EXTENSIONS = YES;
				CLANG_ANALYZER_LOCALIZABILITY_NONLOCALIZED = YES;
				CLANG_ANALYZER_NONNULL = YES;
				CLANG_ANALYZER_NUMBER_OBJECT_CONVERSION = YES_AGGRESSIVE;
				CLANG_CXX_LANGUAGE_STANDARD = "gnu++20";
				CLANG_ENABLE_MODULES = YES;
				CLANG_ENABLE_OBJC_ARC = YES;
				CLANG_ENABLE_OBJC_WEAK = YES;
				CLANG_WARN_BLOCK_CAPTURE_AUTORELEASING = YES;
				CLANG_WARN_BOOL_CONVERSION = YES;
				CLANG_WARN_COMMA = YES;
				CLANG_WARN_CONSTANT_CONVERSION = YES;
				CLANG_WARN_DEPRECATED_OBJC_IMPLEMENTATIONS = YES;
				CLANG_WARN_DIRECT_OBJC_ISA_USAGE = YES_ERROR;
				CLANG_WARN_DOCUMENTATION_COMMENTS = YES;
				CLANG_WARN_EMPTY_BODY = YES;
				CLANG_WARN_ENUM_CONVERSION = YES;
				CLANG_WARN_INFINITE_RECURSION = YES;
				CLANG_WARN_INT_CONVERSION = YES;
				CLANG_WARN_NON_LITERAL_NULL_CONVERSION = YES;
				CLANG_WARN_OBJC_IMPLICIT_RETAIN_SELF = YES;
				CLANG_WARN_OBJC_LITERAL_CONVERSION = YES;
				CLANG_WARN_OBJC_ROOT_CLASS = YES_ERROR;
				CLANG_WARN_QUOTED_INCLUDE_IN_FRAMEWORK_HEADER = YES;
				CLANG_WARN_RANGE_LOOP_ANALYSIS = YES;
				CLANG_WARN_STRICT_PROTOTYPES = YES;
				CLANG_WARN_SUSPICIOUS_MOVE = YES;
				CLANG_WARN_UNGUARDED_AVAILABILITY = YES_AGGRESSIVE;
				CLANG_WARN_UNREACHABLE_CODE = YES;
				CLANG_WARN__DUPLICATE_METHOD_MATCH = YES;
				COPY_PHASE_STRIP = NO;
				DEBUG_INFORMATION_FORMAT = dwarf;
				ENABLE_STRICT_OBJC_MSGSEND = YES;
				ENABLE_TESTABILITY = YES;
				ENABLE_USER_SCRIPT_SANDBOXING = YES;
				GCC_C_LANGUAGE_STANDARD = gnu17;
				GCC_DYNAMIC_NO_PIC = NO;
				GCC_NO_COMMON_BLOCKS = YES;
				GCC_OPTIMIZATION_LEVEL = 0;
				GCC_PREPROCESSOR_DEFINITIONS = (
					"DEBUG=1",
					"$(inherited)",
				);
				GCC_WARN_64_TO_32_BIT_CONVERSION = YES;
				GCC_WARN_ABOUT_RETURN_TYPE = YES_ERROR;
				GCC_WARN_UNDECLARED_SELECTOR = YES;
				GCC_WARN_UNINITIALIZED_AUTOS = YES_AGGRESSIVE;
				GCC_WARN_UNUSED_FUNCTION = YES;
				GCC_WARN_UNUSED_VARIABLE = YES;
				IPHONEOS_DEPLOYMENT_TARGET = 17.2;
				LOCALIZATION_PREFERS_STRING_CATALOGS = YES;
				MTL_ENABLE_DEBUG_INFO = INCLUDE_SOURCE;
				MTL_FAST_MATH = YES;
				ONLY_ACTIVE_ARCH = YES;
				SDKROOT = iphoneos;
				SWIFT_ACTIVE_COMPILATION_CONDITIONS = "DEBUG $(inherited)";
				SWIFT_OPTIMIZATION_LEVEL = "-Onone";
			};
			name = Debug;
		};
		474C40352B4BC4080038B3A5 /* Release */ = {
			isa = XCBuildConfiguration;
			buildSettings = {
				ALWAYS_SEARCH_USER_PATHS = NO;
				ASSETCATALOG_COMPILER_GENERATE_SWIFT_ASSET_SYMBOL_EXTENSIONS = YES;
				CLANG_ANALYZER_LOCALIZABILITY_NONLOCALIZED = YES;
				CLANG_ANALYZER_NONNULL = YES;
				CLANG_ANALYZER_NUMBER_OBJECT_CONVERSION = YES_AGGRESSIVE;
				CLANG_CXX_LANGUAGE_STANDARD = "gnu++20";
				CLANG_ENABLE_MODULES = YES;
				CLANG_ENABLE_OBJC_ARC = YES;
				CLANG_ENABLE_OBJC_WEAK = YES;
				CLANG_WARN_BLOCK_CAPTURE_AUTORELEASING = YES;
				CLANG_WARN_BOOL_CONVERSION = YES;
				CLANG_WARN_COMMA = YES;
				CLANG_WARN_CONSTANT_CONVERSION = YES;
				CLANG_WARN_DEPRECATED_OBJC_IMPLEMENTATIONS = YES;
				CLANG_WARN_DIRECT_OBJC_ISA_USAGE = YES_ERROR;
				CLANG_WARN_DOCUMENTATION_COMMENTS = YES;
				CLANG_WARN_EMPTY_BODY = YES;
				CLANG_WARN_ENUM_CONVERSION = YES;
				CLANG_WARN_INFINITE_RECURSION = YES;
				CLANG_WARN_INT_CONVERSION = YES;
				CLANG_WARN_NON_LITERAL_NULL_CONVERSION = YES;
				CLANG_WARN_OBJC_IMPLICIT_RETAIN_SELF = YES;
				CLANG_WARN_OBJC_LITERAL_CONVERSION = YES;
				CLANG_WARN_OBJC_ROOT_CLASS = YES_ERROR;
				CLANG_WARN_QUOTED_INCLUDE_IN_FRAMEWORK_HEADER = YES;
				CLANG_WARN_RANGE_LOOP_ANALYSIS = YES;
				CLANG_WARN_STRICT_PROTOTYPES = YES;
				CLANG_WARN_SUSPICIOUS_MOVE = YES;
				CLANG_WARN_UNGUARDED_AVAILABILITY = YES_AGGRESSIVE;
				CLANG_WARN_UNREACHABLE_CODE = YES;
				CLANG_WARN__DUPLICATE_METHOD_MATCH = YES;
				COPY_PHASE_STRIP = NO;
				DEBUG_INFORMATION_FORMAT = "dwarf-with-dsym";
				ENABLE_NS_ASSERTIONS = NO;
				ENABLE_STRICT_OBJC_MSGSEND = YES;
				ENABLE_USER_SCRIPT_SANDBOXING = YES;
				GCC_C_LANGUAGE_STANDARD = gnu17;
				GCC_NO_COMMON_BLOCKS = YES;
				GCC_WARN_64_TO_32_BIT_CONVERSION = YES;
				GCC_WARN_ABOUT_RETURN_TYPE = YES_ERROR;
				GCC_WARN_UNDECLARED_SELECTOR = YES;
				GCC_WARN_UNINITIALIZED_AUTOS = YES_AGGRESSIVE;
				GCC_WARN_UNUSED_FUNCTION = YES;
				GCC_WARN_UNUSED_VARIABLE = YES;
				IPHONEOS_DEPLOYMENT_TARGET = 17.2;
				LOCALIZATION_PREFERS_STRING_CATALOGS = YES;
				MTL_ENABLE_DEBUG_INFO = NO;
				MTL_FAST_MATH = YES;
				SDKROOT = iphoneos;
				SWIFT_COMPILATION_MODE = wholemodule;
				VALIDATE_PRODUCT = YES;
			};
			name = Release;
		};
		474C40372B4BC4080038B3A5 /* Debug */ = {
			isa = XCBuildConfiguration;
			buildSettings = {
				ASSETCATALOG_COMPILER_APPICON_NAME = AppIcon;
				ASSETCATALOG_COMPILER_GLOBAL_ACCENT_COLOR_NAME = AccentColor;
				CODE_SIGN_STYLE = Automatic;
				CURRENT_PROJECT_VERSION = 11;
				DEVELOPMENT_ASSET_PATHS = "\"Ravens/Preview Content\"";
				DEVELOPMENT_TEAM = 278BFDM8KA;
				ENABLE_PREVIEWS = YES;
				GENERATE_INFOPLIST_FILE = YES;
				INFOPLIST_KEY_LSApplicationCategoryType = "public.app-category.education";
				INFOPLIST_KEY_NSLocationWhenInUseUsageDescription = "Show the user location";
				INFOPLIST_KEY_UIApplicationSceneManifest_Generation = YES;
				INFOPLIST_KEY_UIApplicationSupportsIndirectInputEvents = YES;
				INFOPLIST_KEY_UILaunchScreen_Generation = YES;
				INFOPLIST_KEY_UISupportedInterfaceOrientations_iPad = "UIInterfaceOrientationPortrait UIInterfaceOrientationPortraitUpsideDown UIInterfaceOrientationLandscapeLeft UIInterfaceOrientationLandscapeRight";
				INFOPLIST_KEY_UISupportedInterfaceOrientations_iPhone = "UIInterfaceOrientationPortrait UIInterfaceOrientationLandscapeLeft UIInterfaceOrientationLandscapeRight";
				LD_RUNPATH_SEARCH_PATHS = (
					"$(inherited)",
					"@executable_path/Frameworks",
				);
				MARKETING_VERSION = 1.2;
				PRODUCT_BUNDLE_IDENTIFIER = www.tastenbraille.com.Ravens;
				PRODUCT_NAME = "$(TARGET_NAME)";
				SWIFT_EMIT_LOC_STRINGS = YES;
				SWIFT_VERSION = 5.0;
				TARGETED_DEVICE_FAMILY = "1,2";
			};
			name = Debug;
		};
		474C40382B4BC4080038B3A5 /* Release */ = {
			isa = XCBuildConfiguration;
			buildSettings = {
				ASSETCATALOG_COMPILER_APPICON_NAME = AppIcon;
				ASSETCATALOG_COMPILER_GLOBAL_ACCENT_COLOR_NAME = AccentColor;
				CODE_SIGN_STYLE = Automatic;
				CURRENT_PROJECT_VERSION = 11;
				DEVELOPMENT_ASSET_PATHS = "\"Ravens/Preview Content\"";
				DEVELOPMENT_TEAM = 278BFDM8KA;
				ENABLE_PREVIEWS = YES;
				GENERATE_INFOPLIST_FILE = YES;
				INFOPLIST_KEY_LSApplicationCategoryType = "public.app-category.education";
				INFOPLIST_KEY_NSLocationWhenInUseUsageDescription = "Show the user location";
				INFOPLIST_KEY_UIApplicationSceneManifest_Generation = YES;
				INFOPLIST_KEY_UIApplicationSupportsIndirectInputEvents = YES;
				INFOPLIST_KEY_UILaunchScreen_Generation = YES;
				INFOPLIST_KEY_UISupportedInterfaceOrientations_iPad = "UIInterfaceOrientationPortrait UIInterfaceOrientationPortraitUpsideDown UIInterfaceOrientationLandscapeLeft UIInterfaceOrientationLandscapeRight";
				INFOPLIST_KEY_UISupportedInterfaceOrientations_iPhone = "UIInterfaceOrientationPortrait UIInterfaceOrientationLandscapeLeft UIInterfaceOrientationLandscapeRight";
				LD_RUNPATH_SEARCH_PATHS = (
					"$(inherited)",
					"@executable_path/Frameworks",
				);
				MARKETING_VERSION = 1.2;
				PRODUCT_BUNDLE_IDENTIFIER = www.tastenbraille.com.Ravens;
				PRODUCT_NAME = "$(TARGET_NAME)";
				SWIFT_EMIT_LOC_STRINGS = YES;
				SWIFT_VERSION = 5.0;
				TARGETED_DEVICE_FAMILY = "1,2";
			};
			name = Release;
		};
/* End XCBuildConfiguration section */

/* Begin XCConfigurationList section */
		474C40232B4BC4040038B3A5 /* Build configuration list for PBXProject "Ravens" */ = {
			isa = XCConfigurationList;
			buildConfigurations = (
				474C40342B4BC4080038B3A5 /* Debug */,
				474C40352B4BC4080038B3A5 /* Release */,
			);
			defaultConfigurationIsVisible = 0;
			defaultConfigurationName = Release;
		};
		474C40362B4BC4080038B3A5 /* Build configuration list for PBXNativeTarget "Ravens" */ = {
			isa = XCConfigurationList;
			buildConfigurations = (
				474C40372B4BC4080038B3A5 /* Debug */,
				474C40382B4BC4080038B3A5 /* Release */,
			);
			defaultConfigurationIsVisible = 0;
			defaultConfigurationName = Release;
		};
/* End XCConfigurationList section */

/* Begin XCRemoteSwiftPackageReference section */
		470993182B7648F60072F0D3 /* XCRemoteSwiftPackageReference "Kingfisher" */ = {
			isa = XCRemoteSwiftPackageReference;
			repositoryURL = "https://github.com/onevcat/Kingfisher.git";
			requirement = {
				kind = upToNextMajorVersion;
				minimumVersion = 7.10.2;
			};
		};
		474093852B55B7AC004F10C5 /* XCRemoteSwiftPackageReference "swift-markdown-ui" */ = {
			isa = XCRemoteSwiftPackageReference;
			repositoryURL = "https://github.com/gonzalezreal/swift-markdown-ui";
			requirement = {
				kind = upToNextMajorVersion;
				minimumVersion = 2.3.0;
			};
		};
		474C403F2B4BC5780038B3A5 /* XCRemoteSwiftPackageReference "Alamofire" */ = {
			isa = XCRemoteSwiftPackageReference;
			repositoryURL = "https://github.com/Alamofire/Alamofire";
			requirement = {
				kind = upToNextMajorVersion;
				minimumVersion = 5.8.1;
			};
		};
		474C404D2B4BD24F0038B3A5 /* XCRemoteSwiftPackageReference "RichText" */ = {
			isa = XCRemoteSwiftPackageReference;
			repositoryURL = "https://github.com/NuPlay/RichText";
			requirement = {
				kind = upToNextMajorVersion;
				minimumVersion = 2.3.0;
			};
		};
		474C40962B5000370038B3A5 /* XCRemoteSwiftPackageReference "OptionallyDecodable" */ = {
			isa = XCRemoteSwiftPackageReference;
			repositoryURL = "https://github.com/idrougge/OptionallyDecodable";
			requirement = {
				kind = upToNextMajorVersion;
				minimumVersion = 1.2.0;
			};
		};
		4767396A2B5D5BE400DC8187 /* XCRemoteSwiftPackageReference "FloatingButton" */ = {
			isa = XCRemoteSwiftPackageReference;
			repositoryURL = "https://github.com/exyte/FloatingButton.git";
			requirement = {
				kind = upToNextMajorVersion;
				minimumVersion = 1.2.2;
			};
		};
		477075492B711681002D2DD8 /* XCRemoteSwiftPackageReference "KeychainAccess" */ = {
			isa = XCRemoteSwiftPackageReference;
			repositoryURL = "https://github.com/kishikawakatsumi/KeychainAccess";
			requirement = {
				branch = master;
				kind = branch;
			};
		};
		4774D2C82B5BEE420096A0E3 /* XCRemoteSwiftPackageReference "SwiftyBeaver" */ = {
			isa = XCRemoteSwiftPackageReference;
			repositoryURL = "https://github.com/SwiftyBeaver/SwiftyBeaver";
			requirement = {
				kind = upToNextMajorVersion;
				minimumVersion = 2.0.0;
			};
		};
		4784B53E2B7BDAA60051D03E /* XCRemoteSwiftPackageReference "AlamofireImage" */ = {
			isa = XCRemoteSwiftPackageReference;
			repositoryURL = "https://github.com/Alamofire/AlamofireImage";
			requirement = {
				kind = upToNextMajorVersion;
				minimumVersion = 4.3.0;
			};
		};
/* End XCRemoteSwiftPackageReference section */

/* Begin XCSwiftPackageProductDependency section */
		470993192B7648F60072F0D3 /* Kingfisher */ = {
			isa = XCSwiftPackageProductDependency;
			package = 470993182B7648F60072F0D3 /* XCRemoteSwiftPackageReference "Kingfisher" */;
			productName = Kingfisher;
		};
		474093862B55B7AC004F10C5 /* MarkdownUI */ = {
			isa = XCSwiftPackageProductDependency;
			package = 474093852B55B7AC004F10C5 /* XCRemoteSwiftPackageReference "swift-markdown-ui" */;
			productName = MarkdownUI;
		};
		474C40402B4BC5780038B3A5 /* Alamofire */ = {
			isa = XCSwiftPackageProductDependency;
			package = 474C403F2B4BC5780038B3A5 /* XCRemoteSwiftPackageReference "Alamofire" */;
			productName = Alamofire;
		};
		474C404E2B4BD24F0038B3A5 /* RichText */ = {
			isa = XCSwiftPackageProductDependency;
			package = 474C404D2B4BD24F0038B3A5 /* XCRemoteSwiftPackageReference "RichText" */;
			productName = RichText;
		};
		474C40972B5000370038B3A5 /* OptionallyDecodable */ = {
			isa = XCSwiftPackageProductDependency;
			package = 474C40962B5000370038B3A5 /* XCRemoteSwiftPackageReference "OptionallyDecodable" */;
			productName = OptionallyDecodable;
		};
		4767396B2B5D5BE400DC8187 /* FloatingButton */ = {
			isa = XCSwiftPackageProductDependency;
			package = 4767396A2B5D5BE400DC8187 /* XCRemoteSwiftPackageReference "FloatingButton" */;
			productName = FloatingButton;
		};
		4770754A2B711681002D2DD8 /* KeychainAccess */ = {
			isa = XCSwiftPackageProductDependency;
			package = 477075492B711681002D2DD8 /* XCRemoteSwiftPackageReference "KeychainAccess" */;
			productName = KeychainAccess;
		};
		4774D2C92B5BEE420096A0E3 /* SwiftyBeaver */ = {
			isa = XCSwiftPackageProductDependency;
			package = 4774D2C82B5BEE420096A0E3 /* XCRemoteSwiftPackageReference "SwiftyBeaver" */;
			productName = SwiftyBeaver;
		};
		4784B53F2B7BDAA60051D03E /* AlamofireImage */ = {
			isa = XCSwiftPackageProductDependency;
			package = 4784B53E2B7BDAA60051D03E /* XCRemoteSwiftPackageReference "AlamofireImage" */;
			productName = AlamofireImage;
		};
/* End XCSwiftPackageProductDependency section */
	};
	rootObject = 474C40202B4BC4040038B3A5 /* Project object */;
}
