// !$*UTF8*$!
{
	archiveVersion = 1;
	classes = {
	};
	objectVersion = 56;
	objects = {

/* Begin PBXBuildFile section */
		4704110D2BB1C82000A498F5 /* ObservationsLocationViewModel.swift in Sources */ = {isa = PBXBuildFile; fileRef = 4704110C2BB1C82000A498F5 /* ObservationsLocationViewModel.swift */; };
		4704110F2BB1EF1B00A498F5 /* ObservationsLocationsView.swift in Sources */ = {isa = PBXBuildFile; fileRef = 4704110E2BB1EF1B00A498F5 /* ObservationsLocationsView.swift */; };
		470411112BB2B61800A498F5 /* MapObservationsLocationView.swift in Sources */ = {isa = PBXBuildFile; fileRef = 470411102BB2B61800A498F5 /* MapObservationsLocationView.swift */; };
		47079EBE2BB9D81F003D2E11 /* ObsExtendedView.swift in Sources */ = {isa = PBXBuildFile; fileRef = 47079EBD2BB9D81F003D2E11 /* ObsExtendedView.swift */; };
		470F112F2BB18C5E003FE0C0 /* GeoJSONViewModel.swift in Sources */ = {isa = PBXBuildFile; fileRef = 470F112E2BB18C5E003FE0C0 /* GeoJSONViewModel.swift */; };
		471438BB2BBFD3AD00DF35DE /* ObsRadiusView.swift in Sources */ = {isa = PBXBuildFile; fileRef = 471438BA2BBFD3AD00DF35DE /* ObsRadiusView.swift */; };
		4717C0BF2B9CC41400B570D0 /* YearView.swift in Sources */ = {isa = PBXBuildFile; fileRef = 4717C0BE2B9CC41400B570D0 /* YearView.swift */; };
		471875342BF7767600EF9F1F /* SwiftUIPager in Frameworks */ = {isa = PBXBuildFile; productRef = 471875332BF7767600EF9F1F /* SwiftUIPager */; };
		471875372BF7B60500EF9F1F /* PartialSheet in Frameworks */ = {isa = PBXBuildFile; productRef = 471875362BF7B60500EF9F1F /* PartialSheet */; };
		471875392BFB938500EF9F1F /* AreasViewModel.swift in Sources */ = {isa = PBXBuildFile; fileRef = 471875382BFB938500EF9F1F /* AreasViewModel.swift */; };
		4718753C2BFCA77000EF9F1F /* SVGView in Frameworks */ = {isa = PBXBuildFile; productRef = 4718753B2BFCA77000EF9F1F /* SVGView */; };
		4718753F2BFCA81900EF9F1F /* plus-square.svg in Resources */ = {isa = PBXBuildFile; fileRef = 4718753E2BFCA81900EF9F1F /* plus-square.svg */; };
		471875412BFD186700EF9F1F /* w_wikipedia.svg in Resources */ = {isa = PBXBuildFile; fileRef = 471875402BFD186700EF9F1F /* w_wikipedia.svg */; };
		471875432C00542100EF9F1F /* LocationManagerModel.swift in Sources */ = {isa = PBXBuildFile; fileRef = 471875422C00542100EF9F1F /* LocationManagerModel.swift */; };
		471875452C00546A00EF9F1F /* LocationManagerView.swift in Sources */ = {isa = PBXBuildFile; fileRef = 471875442C00546A00EF9F1F /* LocationManagerView.swift */; };
		471875472C022A2C00EF9F1F /* SpeciesGroupsView.swift in Sources */ = {isa = PBXBuildFile; fileRef = 471875462C022A2B00EF9F1F /* SpeciesGroupsView.swift */; };
		4725B9612BB14BD400F6F137 /* LocationIdViewModel.swift in Sources */ = {isa = PBXBuildFile; fileRef = 4725B9602BB14BD400F6F137 /* LocationIdViewModel.swift */; };
		4725B9632BB14C2C00F6F137 /* LocationJSON.swift in Sources */ = {isa = PBXBuildFile; fileRef = 4725B9622BB14C2C00F6F137 /* LocationJSON.swift */; };
		472633212BB5981A00CEA05E /* poi.json in Resources */ = {isa = PBXBuildFile; fileRef = 472633202BB5981A00CEA05E /* poi.json */; };
		472633232BB598E600CEA05E /* PoiViewModel.swift in Sources */ = {isa = PBXBuildFile; fileRef = 472633222BB598E600CEA05E /* PoiViewModel.swift */; };
		472633252BB5998400CEA05E /* POIsView.swift in Sources */ = {isa = PBXBuildFile; fileRef = 472633242BB5998400CEA05E /* POIsView.swift */; };
		4738B6392BF380B500BF7557 /* LocationViewModel.swift in Sources */ = {isa = PBXBuildFile; fileRef = 4738B6382BF380B500BF7557 /* LocationViewModel.swift */; };
		4738B63B2BF4798800BF7557 /* BookMarksViewModel.swift in Sources */ = {isa = PBXBuildFile; fileRef = 4738B63A2BF4798800BF7557 /* BookMarksViewModel.swift */; };
		4738B63D2BF4DEA400BF7557 /* ObsSpeciesView.swift in Sources */ = {isa = PBXBuildFile; fileRef = 4738B63C2BF4DEA400BF7557 /* ObsSpeciesView.swift */; };
		4738B63F2BF4E43800BF7557 /* ObsAreaView.swift in Sources */ = {isa = PBXBuildFile; fileRef = 4738B63E2BF4E43800BF7557 /* ObsAreaView.swift */; };
		4738B6412BF4E7C900BF7557 /* ObsUserView.swift in Sources */ = {isa = PBXBuildFile; fileRef = 4738B6402BF4E7C900BF7557 /* ObsUserView.swift */; };
		474093822B558F82004F10C5 /* ObservationDetailsView.swift in Sources */ = {isa = PBXBuildFile; fileRef = 474093812B558F82004F10C5 /* ObservationDetailsView.swift */; };
		474093842B55B5DE004F10C5 /* ManualView.swift in Sources */ = {isa = PBXBuildFile; fileRef = 474093832B55B5DE004F10C5 /* ManualView.swift */; };
		474093872B55B7AC004F10C5 /* MarkdownUI in Frameworks */ = {isa = PBXBuildFile; productRef = 474093862B55B7AC004F10C5 /* MarkdownUI */; };
		4749194B2BD8F0690076F6F0 /* ObservationsYearViewModel.swift in Sources */ = {isa = PBXBuildFile; fileRef = 4749194A2BD8F0690076F6F0 /* ObservationsYearViewModel.swift */; };
		474C402C2B4BC4040038B3A5 /* RavensApp.swift in Sources */ = {isa = PBXBuildFile; fileRef = 474C402B2B4BC4040038B3A5 /* RavensApp.swift */; };
		474C402E2B4BC4040038B3A5 /* ContentView.swift in Sources */ = {isa = PBXBuildFile; fileRef = 474C402D2B4BC4040038B3A5 /* ContentView.swift */; };
		474C40302B4BC4080038B3A5 /* Assets.xcassets in Resources */ = {isa = PBXBuildFile; fileRef = 474C402F2B4BC4080038B3A5 /* Assets.xcassets */; };
		474C40332B4BC4080038B3A5 /* Preview Assets.xcassets in Resources */ = {isa = PBXBuildFile; fileRef = 474C40322B4BC4080038B3A5 /* Preview Assets.xcassets */; };
		474C403C2B4BC5070038B3A5 /* Species.swift in Sources */ = {isa = PBXBuildFile; fileRef = 474C403B2B4BC5070038B3A5 /* Species.swift */; };
		474C403E2B4BC5400038B3A5 /* SpeciesViewModel.swift in Sources */ = {isa = PBXBuildFile; fileRef = 474C403D2B4BC5400038B3A5 /* SpeciesViewModel.swift */; };
		474C40412B4BC5780038B3A5 /* Alamofire in Frameworks */ = {isa = PBXBuildFile; productRef = 474C40402B4BC5780038B3A5 /* Alamofire */; };
		474C40462B4BC66A0038B3A5 /* SpeciesView.swift in Sources */ = {isa = PBXBuildFile; fileRef = 474C40452B4BC66A0038B3A5 /* SpeciesView.swift */; };
		474C40482B4BCC6B0038B3A5 /* SpeciesDetails.swift in Sources */ = {isa = PBXBuildFile; fileRef = 474C40472B4BCC6B0038B3A5 /* SpeciesDetails.swift */; };
		474C404A2B4BCC920038B3A5 /* SpeciesDetailsViewModel.swift in Sources */ = {isa = PBXBuildFile; fileRef = 474C40492B4BCC920038B3A5 /* SpeciesDetailsViewModel.swift */; };
		474C404C2B4BCE340038B3A5 /* SpeciesDetailsView.swift in Sources */ = {isa = PBXBuildFile; fileRef = 474C404B2B4BCE340038B3A5 /* SpeciesDetailsView.swift */; };
		474C404F2B4BD24F0038B3A5 /* RichText in Frameworks */ = {isa = PBXBuildFile; productRef = 474C404E2B4BD24F0038B3A5 /* RichText */; };
		474C40532B4BFD090038B3A5 /* RegionList.swift in Sources */ = {isa = PBXBuildFile; fileRef = 474C40522B4BFD090038B3A5 /* RegionList.swift */; };
		474C40552B4BFDC90038B3A5 /* RegionListViewModel.swift in Sources */ = {isa = PBXBuildFile; fileRef = 474C40542B4BFDC90038B3A5 /* RegionListViewModel.swift */; };
		474C40572B4BFE950038B3A5 /* RegionListsView.swift in Sources */ = {isa = PBXBuildFile; fileRef = 474C40562B4BFE950038B3A5 /* RegionListsView.swift */; };
		474C40592B4C047B0038B3A5 /* SpeciesGroup.swift in Sources */ = {isa = PBXBuildFile; fileRef = 474C40582B4C047B0038B3A5 /* SpeciesGroup.swift */; };
		474C405B2B4C04C70038B3A5 /* SpeciesGroupViewModel.swift in Sources */ = {isa = PBXBuildFile; fileRef = 474C405A2B4C04C70038B3A5 /* SpeciesGroupViewModel.swift */; };
		474C405D2B4C05980038B3A5 /* SpeciesGroupView.swift in Sources */ = {isa = PBXBuildFile; fileRef = 474C405C2B4C05980038B3A5 /* SpeciesGroupView.swift */; };
		474C405F2B4C08750038B3A5 /* Language.swift in Sources */ = {isa = PBXBuildFile; fileRef = 474C405E2B4C08750038B3A5 /* Language.swift */; };
		474C40612B4C08FB0038B3A5 /* LanguageViewModel.swift in Sources */ = {isa = PBXBuildFile; fileRef = 474C40602B4C08FB0038B3A5 /* LanguageViewModel.swift */; };
		474C40632B4C091F0038B3A5 /* LanguageView.swift in Sources */ = {isa = PBXBuildFile; fileRef = 474C40622B4C091F0038B3A5 /* LanguageView.swift */; };
		474C407F2B4D15610038B3A5 /* SettingsView.swift in Sources */ = {isa = PBXBuildFile; fileRef = 474C407E2B4D15610038B3A5 /* SettingsView.swift */; };
		474C40842B4D189F0038B3A5 /* MapObservationRadiusView.swift in Sources */ = {isa = PBXBuildFile; fileRef = 474C40832B4D189F0038B3A5 /* MapObservationRadiusView.swift */; };
		474C40862B4D84030038B3A5 /* Settings.swift in Sources */ = {isa = PBXBuildFile; fileRef = 474C40852B4D84030038B3A5 /* Settings.swift */; };
		474C408A2B4DAA110038B3A5 /* Region.swift in Sources */ = {isa = PBXBuildFile; fileRef = 474C40892B4DAA110038B3A5 /* Region.swift */; };
		474C408C2B4DAC590038B3A5 /* RegionsViewModel.swift in Sources */ = {isa = PBXBuildFile; fileRef = 474C408B2B4DAC590038B3A5 /* RegionsViewModel.swift */; };
		474C408E2B4DB2850038B3A5 /* RegionsView.swift in Sources */ = {isa = PBXBuildFile; fileRef = 474C408D2B4DB2850038B3A5 /* RegionsView.swift */; };
		474C409A2B50073C0038B3A5 /* ObservationsRadiusViewModel.swift in Sources */ = {isa = PBXBuildFile; fileRef = 474C40992B50073C0038B3A5 /* ObservationsRadiusViewModel.swift */; };
		474C409C2B500AE90038B3A5 /* ObservationsRadiusView.swift in Sources */ = {isa = PBXBuildFile; fileRef = 474C409B2B500AE90038B3A5 /* ObservationsRadiusView.swift */; };
		47568D2D2B59B54500E69B1A /* Observations.swift in Sources */ = {isa = PBXBuildFile; fileRef = 47568D2C2B59B54500E69B1A /* Observations.swift */; };
		47568D2F2B59BA1300E69B1A /* ObservationsSpeciesViewModel.swift in Sources */ = {isa = PBXBuildFile; fileRef = 47568D2E2B59BA1300E69B1A /* ObservationsSpeciesViewModel.swift */; };
		47568D312B59BABB00E69B1A /* ObservationsSpeciesView.swift in Sources */ = {isa = PBXBuildFile; fileRef = 47568D302B59BABB00E69B1A /* ObservationsSpeciesView.swift */; };
		47568D332B5A724D00E69B1A /* MapObservationsSpeciesView.swift in Sources */ = {isa = PBXBuildFile; fileRef = 47568D322B5A724D00E69B1A /* MapObservationsSpeciesView.swift */; };
		4757E0762B7F3426003F148E /* LoginView.swift in Sources */ = {isa = PBXBuildFile; fileRef = 4757E0752B7F3426003F148E /* LoginView.swift */; };
		4767EFF72BF1F07700BACDC6 /* QRCodeView.swift in Sources */ = {isa = PBXBuildFile; fileRef = 4767EFF62BF1F07700BACDC6 /* QRCodeView.swift */; };
		4767EFFF2BF2389000BACDC6 /* RadiusView.swift in Sources */ = {isa = PBXBuildFile; fileRef = 4767EFFE2BF2389000BACDC6 /* RadiusView.swift */; };
		4767F0012BF251C200BACDC6 /* LocationView.swift in Sources */ = {isa = PBXBuildFile; fileRef = 4767F0002BF251C200BACDC6 /* LocationView.swift */; };
		4767F0032BF2529000BACDC6 /* TabUserObservationsView.swift in Sources */ = {isa = PBXBuildFile; fileRef = 4767F0022BF2529000BACDC6 /* TabUserObservationsView.swift */; };
		4767F0052BF256B100BACDC6 /* TabSpeciesView.swift in Sources */ = {isa = PBXBuildFile; fileRef = 4767F0042BF256B100BACDC6 /* TabSpeciesView.swift */; };
		476843D42BA9D43D004EF208 /* LottieFile.json in Resources */ = {isa = PBXBuildFile; fileRef = 476843D32BA9D43D004EF208 /* LottieFile.json */; };
		476FA8A62B9B031B00665613 /* SoundsView.swift in Sources */ = {isa = PBXBuildFile; fileRef = 476FA8A52B9B031B00665613 /* SoundsView.swift */; };
		4770754B2B711681002D2DD8 /* KeychainAccess in Frameworks */ = {isa = PBXBuildFile; productRef = 4770754A2B711681002D2DD8 /* KeychainAccess */; };
		47714FD12BD15A2600361C55 /* CircleButton.swift in Sources */ = {isa = PBXBuildFile; fileRef = 47714FD02BD15A2600361C55 /* CircleButton.swift */; };
		4771C2D92B9E229F0044783A /* perkinspingdoorvoer.mp3 in Resources */ = {isa = PBXBuildFile; fileRef = 4771C2D42B9E229F0044783A /* perkinspingdoorvoer.mp3 */; };
		4774D2CA2B5BEE420096A0E3 /* SwiftyBeaver in Frameworks */ = {isa = PBXBuildFile; productRef = 4774D2C92B5BEE420096A0E3 /* SwiftyBeaver */; };
		47778E372C039D9E00C59A1A /* SonogramView.swift in Sources */ = {isa = PBXBuildFile; fileRef = 47778E362C039D9E00C59A1A /* SonogramView.swift */; };
		477ECF142B98897100D96BE9 /* NetworkView.swift in Sources */ = {isa = PBXBuildFile; fileRef = 477ECF132B98897100D96BE9 /* NetworkView.swift */; };
		477ED86E2BA9CFE900B0D73C /* LottieView.swift in Sources */ = {isa = PBXBuildFile; fileRef = 477ED86D2BA9CFE900B0D73C /* LottieView.swift */; };
		477ED8712BA9D0AD00B0D73C /* Lottie in Frameworks */ = {isa = PBXBuildFile; productRef = 477ED8702BA9D0AD00B0D73C /* Lottie */; };
		477ED8732BA9D0C800B0D73C /* SplashScreenView.swift in Sources */ = {isa = PBXBuildFile; fileRef = 477ED8722BA9D0C800B0D73C /* SplashScreenView.swift */; };
		4781539B2B57BDC2005F87CC /* README.md in Resources */ = {isa = PBXBuildFile; fileRef = 4781539A2B57BDC2005F87CC /* README.md */; };
		4781539D2B57C166005F87CC /* Localizable.xcstrings in Resources */ = {isa = PBXBuildFile; fileRef = 4781539C2B57C166005F87CC /* Localizable.xcstrings */; };
		47826CBF2BF62D96003E8F21 /* WikipediaPage.swift in Sources */ = {isa = PBXBuildFile; fileRef = 47826CBE2BF62D96003E8F21 /* WikipediaPage.swift */; };
		47826CC12BF62DBB003E8F21 /* WikipediaViewModel.swift in Sources */ = {isa = PBXBuildFile; fileRef = 47826CC02BF62DBB003E8F21 /* WikipediaViewModel.swift */; };
		47826CC32BF62DE4003E8F21 /* WikipediaView.swift in Sources */ = {isa = PBXBuildFile; fileRef = 47826CC22BF62DE4003E8F21 /* WikipediaView.swift */; };
		4784B5402B7BDAA60051D03E /* AlamofireImage in Frameworks */ = {isa = PBXBuildFile; productRef = 4784B53F2B7BDAA60051D03E /* AlamofireImage */; };
		4784B5422B7BE1040051D03E /* AFImageView.swift in Sources */ = {isa = PBXBuildFile; fileRef = 4784B5412B7BE1040051D03E /* AFImageView.swift */; };
		4784FA5C2B55039900FEC7F9 /* ExtensionsAndFunctions.swift in Sources */ = {isa = PBXBuildFile; fileRef = 4784FA5B2B55039900FEC7F9 /* ExtensionsAndFunctions.swift */; };
		4785CD172B95C835002F52BE /* User.swift in Sources */ = {isa = PBXBuildFile; fileRef = 4785CD162B95C835002F52BE /* User.swift */; };
		4785CD192B95C856002F52BE /* UserViewModel.swift in Sources */ = {isa = PBXBuildFile; fileRef = 4785CD182B95C856002F52BE /* UserViewModel.swift */; };
		4785CD1B2B95C87E002F52BE /* UserView.swift in Sources */ = {isa = PBXBuildFile; fileRef = 4785CD1A2B95C87E002F52BE /* UserView.swift */; };
		4785CD1D2B964C0E002F52BE /* ObservationsUserViewModel.swift in Sources */ = {isa = PBXBuildFile; fileRef = 4785CD1C2B964C0E002F52BE /* ObservationsUserViewModel.swift */; };
		4785CD212B964FAC002F52BE /* MapObservationsUserView.swift in Sources */ = {isa = PBXBuildFile; fileRef = 4785CD202B964FAC002F52BE /* MapObservationsUserView.swift */; };
		4785CD232B965237002F52BE /* ObservationsUserView.swift in Sources */ = {isa = PBXBuildFile; fileRef = 4785CD222B965237002F52BE /* ObservationsUserView.swift */; };
		478DE5462B6554E600FF7737 /* SettingsDetailsView.swift in Sources */ = {isa = PBXBuildFile; fileRef = 478DE5452B6554E600FF7737 /* SettingsDetailsView.swift */; };
		478EABE52BEB8A3E00414431 /* ObserversViewModel.swift in Sources */ = {isa = PBXBuildFile; fileRef = 478EABE42BEB8A3E00414431 /* ObserversViewModel.swift */; };
		478EABE72BEB8B8600414431 /* FileListViewModel.swift in Sources */ = {isa = PBXBuildFile; fileRef = 478EABE62BEB8B8600414431 /* FileListViewModel.swift */; };
		478EABE92BED3A2300414431 /* ShareTextView.swift in Sources */ = {isa = PBXBuildFile; fileRef = 478EABE82BED3A2300414431 /* ShareTextView.swift */; };
		4793A5852C286A76002739B6 /* HTMLView.swift in Sources */ = {isa = PBXBuildFile; fileRef = 4793A5842C286A76002739B6 /* HTMLView.swift */; };
		4793A5882C286AF0002739B6 /* SwiftSoup in Frameworks */ = {isa = PBXBuildFile; productRef = 4793A5872C286AF0002739B6 /* SwiftSoup */; };
		4793A58A2C29334E002739B6 /* waarneming-rarities.html in Resources */ = {isa = PBXBuildFile; fileRef = 4793A5892C29334E002739B6 /* waarneming-rarities.html */; };
		47A79E612B98AE5A004FBF20 /* perkinsping.mp3 in Resources */ = {isa = PBXBuildFile; fileRef = 47A79E602B98AE5A004FBF20 /* perkinsping.mp3 */; };
		47AFF6E32B7C8C70004868D0 /* LookUpsView.swift in Sources */ = {isa = PBXBuildFile; fileRef = 47AFF6E22B7C8C70004868D0 /* LookUpsView.swift */; };
		47AFF6E52B7CAC71004868D0 /* SingersView.swift in Sources */ = {isa = PBXBuildFile; fileRef = 47AFF6E42B7CAC71004868D0 /* SingersView.swift */; };
		47B10CAB2C21BA580092BC66 /* tafeleend.jpg in Resources */ = {isa = PBXBuildFile; fileRef = 47B10CAA2C21BA580092BC66 /* tafeleend.jpg */; };
		47D159DE2BC3CCB300F7CD23 /* EndOfListObsView.swift in Sources */ = {isa = PBXBuildFile; fileRef = 47D159DD2BC3CCB300F7CD23 /* EndOfListObsView.swift */; };
		47D99A3E2B9ED73A0012F0DE /* SwiftAudioEx in Frameworks */ = {isa = PBXBuildFile; productRef = 47D99A3D2B9ED73A0012F0DE /* SwiftAudioEx */; };
		47DB89B42B7A397F0093C1ED /* ObsViewModel.swift in Sources */ = {isa = PBXBuildFile; fileRef = 47DB89B32B7A397F0093C1ED /* ObsViewModel.swift */; };
		47DB89B82B7A3AB20093C1ED /* ObsDetailsView.swift in Sources */ = {isa = PBXBuildFile; fileRef = 47DB89B72B7A3AB20093C1ED /* ObsDetailsView.swift */; };
		47FAD0E12C19D25C007D0F63 /* Kingfisher in Frameworks */ = {isa = PBXBuildFile; productRef = 47FAD0E02C19D25C007D0F63 /* Kingfisher */; };
		47FAD0E32C19DB56007D0F63 /* TestLocationsList.swift in Sources */ = {isa = PBXBuildFile; fileRef = 47FAD0E22C19DB56007D0F63 /* TestLocationsList.swift */; };
		47FAD0E52C1AE9D8007D0F63 /* dataloading.json in Resources */ = {isa = PBXBuildFile; fileRef = 47FAD0E42C1AE9D8007D0F63 /* dataloading.json */; };
/* End PBXBuildFile section */

/* Begin PBXFileReference section */
		4704110C2BB1C82000A498F5 /* ObservationsLocationViewModel.swift */ = {isa = PBXFileReference; lastKnownFileType = sourcecode.swift; path = ObservationsLocationViewModel.swift; sourceTree = "<group>"; };
		4704110E2BB1EF1B00A498F5 /* ObservationsLocationsView.swift */ = {isa = PBXFileReference; lastKnownFileType = sourcecode.swift; path = ObservationsLocationsView.swift; sourceTree = "<group>"; };
		470411102BB2B61800A498F5 /* MapObservationsLocationView.swift */ = {isa = PBXFileReference; lastKnownFileType = sourcecode.swift; path = MapObservationsLocationView.swift; sourceTree = "<group>"; };
		47079EBD2BB9D81F003D2E11 /* ObsExtendedView.swift */ = {isa = PBXFileReference; lastKnownFileType = sourcecode.swift; path = ObsExtendedView.swift; sourceTree = "<group>"; };
		470F112E2BB18C5E003FE0C0 /* GeoJSONViewModel.swift */ = {isa = PBXFileReference; lastKnownFileType = sourcecode.swift; path = GeoJSONViewModel.swift; sourceTree = "<group>"; };
		471438BA2BBFD3AD00DF35DE /* ObsRadiusView.swift */ = {isa = PBXFileReference; lastKnownFileType = sourcecode.swift; path = ObsRadiusView.swift; sourceTree = "<group>"; };
		4717C0BE2B9CC41400B570D0 /* YearView.swift */ = {isa = PBXFileReference; lastKnownFileType = sourcecode.swift; path = YearView.swift; sourceTree = "<group>"; };
		471875382BFB938500EF9F1F /* AreasViewModel.swift */ = {isa = PBXFileReference; lastKnownFileType = sourcecode.swift; path = AreasViewModel.swift; sourceTree = "<group>"; };
		4718753E2BFCA81900EF9F1F /* plus-square.svg */ = {isa = PBXFileReference; fileEncoding = 4; lastKnownFileType = text; path = "plus-square.svg"; sourceTree = "<group>"; };
		471875402BFD186700EF9F1F /* w_wikipedia.svg */ = {isa = PBXFileReference; fileEncoding = 4; lastKnownFileType = text.xml; path = w_wikipedia.svg; sourceTree = "<group>"; };
		471875422C00542100EF9F1F /* LocationManagerModel.swift */ = {isa = PBXFileReference; lastKnownFileType = sourcecode.swift; path = LocationManagerModel.swift; sourceTree = "<group>"; };
		471875442C00546A00EF9F1F /* LocationManagerView.swift */ = {isa = PBXFileReference; lastKnownFileType = sourcecode.swift; path = LocationManagerView.swift; sourceTree = "<group>"; };
		471875462C022A2B00EF9F1F /* SpeciesGroupsView.swift */ = {isa = PBXFileReference; lastKnownFileType = sourcecode.swift; path = SpeciesGroupsView.swift; sourceTree = "<group>"; };
		4725B9602BB14BD400F6F137 /* LocationIdViewModel.swift */ = {isa = PBXFileReference; lastKnownFileType = sourcecode.swift; path = LocationIdViewModel.swift; sourceTree = "<group>"; };
		4725B9622BB14C2C00F6F137 /* LocationJSON.swift */ = {isa = PBXFileReference; lastKnownFileType = sourcecode.swift; path = LocationJSON.swift; sourceTree = "<group>"; };
		472633202BB5981A00CEA05E /* poi.json */ = {isa = PBXFileReference; fileEncoding = 4; lastKnownFileType = text.json; path = poi.json; sourceTree = "<group>"; };
		472633222BB598E600CEA05E /* PoiViewModel.swift */ = {isa = PBXFileReference; fileEncoding = 4; lastKnownFileType = sourcecode.swift; path = PoiViewModel.swift; sourceTree = "<group>"; };
		472633242BB5998400CEA05E /* POIsView.swift */ = {isa = PBXFileReference; fileEncoding = 4; lastKnownFileType = sourcecode.swift; path = POIsView.swift; sourceTree = "<group>"; };
		4738B6382BF380B500BF7557 /* LocationViewModel.swift */ = {isa = PBXFileReference; lastKnownFileType = sourcecode.swift; path = LocationViewModel.swift; sourceTree = "<group>"; };
		4738B63A2BF4798800BF7557 /* BookMarksViewModel.swift */ = {isa = PBXFileReference; lastKnownFileType = sourcecode.swift; path = BookMarksViewModel.swift; sourceTree = "<group>"; };
		4738B63C2BF4DEA400BF7557 /* ObsSpeciesView.swift */ = {isa = PBXFileReference; lastKnownFileType = sourcecode.swift; path = ObsSpeciesView.swift; sourceTree = "<group>"; };
		4738B63E2BF4E43800BF7557 /* ObsAreaView.swift */ = {isa = PBXFileReference; lastKnownFileType = sourcecode.swift; path = ObsAreaView.swift; sourceTree = "<group>"; };
		4738B6402BF4E7C900BF7557 /* ObsUserView.swift */ = {isa = PBXFileReference; lastKnownFileType = sourcecode.swift; path = ObsUserView.swift; sourceTree = "<group>"; };
		474093812B558F82004F10C5 /* ObservationDetailsView.swift */ = {isa = PBXFileReference; lastKnownFileType = sourcecode.swift; path = ObservationDetailsView.swift; sourceTree = "<group>"; };
		474093832B55B5DE004F10C5 /* ManualView.swift */ = {isa = PBXFileReference; lastKnownFileType = sourcecode.swift; path = ManualView.swift; sourceTree = "<group>"; };
		4749194A2BD8F0690076F6F0 /* ObservationsYearViewModel.swift */ = {isa = PBXFileReference; lastKnownFileType = sourcecode.swift; path = ObservationsYearViewModel.swift; sourceTree = "<group>"; };
		474C40282B4BC4040038B3A5 /* Ravens.app */ = {isa = PBXFileReference; explicitFileType = wrapper.application; includeInIndex = 0; path = Ravens.app; sourceTree = BUILT_PRODUCTS_DIR; };
		474C402B2B4BC4040038B3A5 /* RavensApp.swift */ = {isa = PBXFileReference; lastKnownFileType = sourcecode.swift; path = RavensApp.swift; sourceTree = "<group>"; };
		474C402D2B4BC4040038B3A5 /* ContentView.swift */ = {isa = PBXFileReference; lastKnownFileType = sourcecode.swift; path = ContentView.swift; sourceTree = "<group>"; };
		474C402F2B4BC4080038B3A5 /* Assets.xcassets */ = {isa = PBXFileReference; lastKnownFileType = folder.assetcatalog; path = Assets.xcassets; sourceTree = "<group>"; };
		474C40322B4BC4080038B3A5 /* Preview Assets.xcassets */ = {isa = PBXFileReference; lastKnownFileType = folder.assetcatalog; path = "Preview Assets.xcassets"; sourceTree = "<group>"; };
		474C403B2B4BC5070038B3A5 /* Species.swift */ = {isa = PBXFileReference; lastKnownFileType = sourcecode.swift; path = Species.swift; sourceTree = "<group>"; };
		474C403D2B4BC5400038B3A5 /* SpeciesViewModel.swift */ = {isa = PBXFileReference; lastKnownFileType = sourcecode.swift; path = SpeciesViewModel.swift; sourceTree = "<group>"; };
		474C40452B4BC66A0038B3A5 /* SpeciesView.swift */ = {isa = PBXFileReference; lastKnownFileType = sourcecode.swift; path = SpeciesView.swift; sourceTree = "<group>"; };
		474C40472B4BCC6B0038B3A5 /* SpeciesDetails.swift */ = {isa = PBXFileReference; lastKnownFileType = sourcecode.swift; path = SpeciesDetails.swift; sourceTree = "<group>"; };
		474C40492B4BCC920038B3A5 /* SpeciesDetailsViewModel.swift */ = {isa = PBXFileReference; lastKnownFileType = sourcecode.swift; path = SpeciesDetailsViewModel.swift; sourceTree = "<group>"; };
		474C404B2B4BCE340038B3A5 /* SpeciesDetailsView.swift */ = {isa = PBXFileReference; lastKnownFileType = sourcecode.swift; path = SpeciesDetailsView.swift; sourceTree = "<group>"; };
		474C40522B4BFD090038B3A5 /* RegionList.swift */ = {isa = PBXFileReference; lastKnownFileType = sourcecode.swift; path = RegionList.swift; sourceTree = "<group>"; };
		474C40542B4BFDC90038B3A5 /* RegionListViewModel.swift */ = {isa = PBXFileReference; lastKnownFileType = sourcecode.swift; path = RegionListViewModel.swift; sourceTree = "<group>"; };
		474C40562B4BFE950038B3A5 /* RegionListsView.swift */ = {isa = PBXFileReference; lastKnownFileType = sourcecode.swift; path = RegionListsView.swift; sourceTree = "<group>"; };
		474C40582B4C047B0038B3A5 /* SpeciesGroup.swift */ = {isa = PBXFileReference; lastKnownFileType = sourcecode.swift; path = SpeciesGroup.swift; sourceTree = "<group>"; };
		474C405A2B4C04C70038B3A5 /* SpeciesGroupViewModel.swift */ = {isa = PBXFileReference; lastKnownFileType = sourcecode.swift; path = SpeciesGroupViewModel.swift; sourceTree = "<group>"; };
		474C405C2B4C05980038B3A5 /* SpeciesGroupView.swift */ = {isa = PBXFileReference; lastKnownFileType = sourcecode.swift; path = SpeciesGroupView.swift; sourceTree = "<group>"; };
		474C405E2B4C08750038B3A5 /* Language.swift */ = {isa = PBXFileReference; lastKnownFileType = sourcecode.swift; path = Language.swift; sourceTree = "<group>"; };
		474C40602B4C08FB0038B3A5 /* LanguageViewModel.swift */ = {isa = PBXFileReference; lastKnownFileType = sourcecode.swift; path = LanguageViewModel.swift; sourceTree = "<group>"; };
		474C40622B4C091F0038B3A5 /* LanguageView.swift */ = {isa = PBXFileReference; lastKnownFileType = sourcecode.swift; path = LanguageView.swift; sourceTree = "<group>"; };
		474C407E2B4D15610038B3A5 /* SettingsView.swift */ = {isa = PBXFileReference; lastKnownFileType = sourcecode.swift; path = SettingsView.swift; sourceTree = "<group>"; };
		474C40832B4D189F0038B3A5 /* MapObservationRadiusView.swift */ = {isa = PBXFileReference; lastKnownFileType = sourcecode.swift; path = MapObservationRadiusView.swift; sourceTree = "<group>"; };
		474C40852B4D84030038B3A5 /* Settings.swift */ = {isa = PBXFileReference; lastKnownFileType = sourcecode.swift; path = Settings.swift; sourceTree = "<group>"; };
		474C40892B4DAA110038B3A5 /* Region.swift */ = {isa = PBXFileReference; lastKnownFileType = sourcecode.swift; path = Region.swift; sourceTree = "<group>"; };
		474C408B2B4DAC590038B3A5 /* RegionsViewModel.swift */ = {isa = PBXFileReference; lastKnownFileType = sourcecode.swift; path = RegionsViewModel.swift; sourceTree = "<group>"; };
		474C408D2B4DB2850038B3A5 /* RegionsView.swift */ = {isa = PBXFileReference; lastKnownFileType = sourcecode.swift; path = RegionsView.swift; sourceTree = "<group>"; };
		474C40992B50073C0038B3A5 /* ObservationsRadiusViewModel.swift */ = {isa = PBXFileReference; lastKnownFileType = sourcecode.swift; path = ObservationsRadiusViewModel.swift; sourceTree = "<group>"; };
		474C409B2B500AE90038B3A5 /* ObservationsRadiusView.swift */ = {isa = PBXFileReference; lastKnownFileType = sourcecode.swift; path = ObservationsRadiusView.swift; sourceTree = "<group>"; };
		47568D2C2B59B54500E69B1A /* Observations.swift */ = {isa = PBXFileReference; lastKnownFileType = sourcecode.swift; path = Observations.swift; sourceTree = "<group>"; };
		47568D2E2B59BA1300E69B1A /* ObservationsSpeciesViewModel.swift */ = {isa = PBXFileReference; lastKnownFileType = sourcecode.swift; path = ObservationsSpeciesViewModel.swift; sourceTree = "<group>"; };
		47568D302B59BABB00E69B1A /* ObservationsSpeciesView.swift */ = {isa = PBXFileReference; lastKnownFileType = sourcecode.swift; path = ObservationsSpeciesView.swift; sourceTree = "<group>"; };
		47568D322B5A724D00E69B1A /* MapObservationsSpeciesView.swift */ = {isa = PBXFileReference; lastKnownFileType = sourcecode.swift; path = MapObservationsSpeciesView.swift; sourceTree = "<group>"; };
		4757E0752B7F3426003F148E /* LoginView.swift */ = {isa = PBXFileReference; lastKnownFileType = sourcecode.swift; path = LoginView.swift; sourceTree = "<group>"; };
		4767EFF62BF1F07700BACDC6 /* QRCodeView.swift */ = {isa = PBXFileReference; lastKnownFileType = sourcecode.swift; path = QRCodeView.swift; sourceTree = "<group>"; };
		4767EFFE2BF2389000BACDC6 /* RadiusView.swift */ = {isa = PBXFileReference; lastKnownFileType = sourcecode.swift; path = RadiusView.swift; sourceTree = "<group>"; };
		4767F0002BF251C200BACDC6 /* LocationView.swift */ = {isa = PBXFileReference; lastKnownFileType = sourcecode.swift; path = LocationView.swift; sourceTree = "<group>"; };
		4767F0022BF2529000BACDC6 /* TabUserObservationsView.swift */ = {isa = PBXFileReference; lastKnownFileType = sourcecode.swift; path = TabUserObservationsView.swift; sourceTree = "<group>"; };
		4767F0042BF256B100BACDC6 /* TabSpeciesView.swift */ = {isa = PBXFileReference; lastKnownFileType = sourcecode.swift; path = TabSpeciesView.swift; sourceTree = "<group>"; };
		476843D32BA9D43D004EF208 /* LottieFile.json */ = {isa = PBXFileReference; lastKnownFileType = text.json; path = LottieFile.json; sourceTree = "<group>"; };
		476FA8A52B9B031B00665613 /* SoundsView.swift */ = {isa = PBXFileReference; lastKnownFileType = sourcecode.swift; path = SoundsView.swift; sourceTree = "<group>"; };
		47714FD02BD15A2600361C55 /* CircleButton.swift */ = {isa = PBXFileReference; lastKnownFileType = sourcecode.swift; path = CircleButton.swift; sourceTree = "<group>"; };
		4771C2D42B9E229F0044783A /* perkinspingdoorvoer.mp3 */ = {isa = PBXFileReference; lastKnownFileType = audio.mp3; name = perkinspingdoorvoer.mp3; path = Audio/perkinspingdoorvoer.mp3; sourceTree = "<group>"; };
		47778E362C039D9E00C59A1A /* SonogramView.swift */ = {isa = PBXFileReference; lastKnownFileType = sourcecode.swift; path = SonogramView.swift; sourceTree = "<group>"; };
		477ECF132B98897100D96BE9 /* NetworkView.swift */ = {isa = PBXFileReference; lastKnownFileType = sourcecode.swift; path = NetworkView.swift; sourceTree = "<group>"; };
		477ED86D2BA9CFE900B0D73C /* LottieView.swift */ = {isa = PBXFileReference; lastKnownFileType = sourcecode.swift; path = LottieView.swift; sourceTree = "<group>"; };
		477ED8722BA9D0C800B0D73C /* SplashScreenView.swift */ = {isa = PBXFileReference; lastKnownFileType = sourcecode.swift; path = SplashScreenView.swift; sourceTree = "<group>"; };
		4781539A2B57BDC2005F87CC /* README.md */ = {isa = PBXFileReference; fileEncoding = 4; lastKnownFileType = net.daringfireball.markdown; path = README.md; sourceTree = SOURCE_ROOT; };
		4781539C2B57C166005F87CC /* Localizable.xcstrings */ = {isa = PBXFileReference; lastKnownFileType = text.json.xcstrings; path = Localizable.xcstrings; sourceTree = "<group>"; };
		47826CBE2BF62D96003E8F21 /* WikipediaPage.swift */ = {isa = PBXFileReference; lastKnownFileType = sourcecode.swift; path = WikipediaPage.swift; sourceTree = "<group>"; };
		47826CC02BF62DBB003E8F21 /* WikipediaViewModel.swift */ = {isa = PBXFileReference; lastKnownFileType = sourcecode.swift; path = WikipediaViewModel.swift; sourceTree = "<group>"; };
		47826CC22BF62DE4003E8F21 /* WikipediaView.swift */ = {isa = PBXFileReference; lastKnownFileType = sourcecode.swift; path = WikipediaView.swift; sourceTree = "<group>"; };
		4784B5412B7BE1040051D03E /* AFImageView.swift */ = {isa = PBXFileReference; lastKnownFileType = sourcecode.swift; path = AFImageView.swift; sourceTree = "<group>"; };
		4784FA5B2B55039900FEC7F9 /* ExtensionsAndFunctions.swift */ = {isa = PBXFileReference; lastKnownFileType = sourcecode.swift; name = ExtensionsAndFunctions.swift; path = Ravens/Data/ExtensionsAndFunctions.swift; sourceTree = SOURCE_ROOT; };
		4785CD162B95C835002F52BE /* User.swift */ = {isa = PBXFileReference; lastKnownFileType = sourcecode.swift; path = User.swift; sourceTree = "<group>"; };
		4785CD182B95C856002F52BE /* UserViewModel.swift */ = {isa = PBXFileReference; lastKnownFileType = sourcecode.swift; path = UserViewModel.swift; sourceTree = "<group>"; };
		4785CD1A2B95C87E002F52BE /* UserView.swift */ = {isa = PBXFileReference; lastKnownFileType = sourcecode.swift; path = UserView.swift; sourceTree = "<group>"; };
		4785CD1C2B964C0E002F52BE /* ObservationsUserViewModel.swift */ = {isa = PBXFileReference; lastKnownFileType = sourcecode.swift; path = ObservationsUserViewModel.swift; sourceTree = "<group>"; };
		4785CD202B964FAC002F52BE /* MapObservationsUserView.swift */ = {isa = PBXFileReference; lastKnownFileType = sourcecode.swift; path = MapObservationsUserView.swift; sourceTree = "<group>"; };
		4785CD222B965237002F52BE /* ObservationsUserView.swift */ = {isa = PBXFileReference; lastKnownFileType = sourcecode.swift; path = ObservationsUserView.swift; sourceTree = "<group>"; };
		478DE5452B6554E600FF7737 /* SettingsDetailsView.swift */ = {isa = PBXFileReference; lastKnownFileType = sourcecode.swift; path = SettingsDetailsView.swift; sourceTree = "<group>"; };
		478EABE42BEB8A3E00414431 /* ObserversViewModel.swift */ = {isa = PBXFileReference; lastKnownFileType = sourcecode.swift; path = ObserversViewModel.swift; sourceTree = "<group>"; };
		478EABE62BEB8B8600414431 /* FileListViewModel.swift */ = {isa = PBXFileReference; lastKnownFileType = sourcecode.swift; path = FileListViewModel.swift; sourceTree = "<group>"; };
		478EABE82BED3A2300414431 /* ShareTextView.swift */ = {isa = PBXFileReference; lastKnownFileType = sourcecode.swift; path = ShareTextView.swift; sourceTree = "<group>"; };
		4793A5842C286A76002739B6 /* HTMLView.swift */ = {isa = PBXFileReference; lastKnownFileType = sourcecode.swift; path = HTMLView.swift; sourceTree = "<group>"; };
		4793A5892C29334E002739B6 /* waarneming-rarities.html */ = {isa = PBXFileReference; lastKnownFileType = text.html; path = "waarneming-rarities.html"; sourceTree = "<group>"; };
		47A79E5F2B98AC22004FBF20 /* Info.plist */ = {isa = PBXFileReference; lastKnownFileType = text.plist; path = Info.plist; sourceTree = "<group>"; };
		47A79E602B98AE5A004FBF20 /* perkinsping.mp3 */ = {isa = PBXFileReference; lastKnownFileType = audio.mp3; name = perkinsping.mp3; path = Audio/perkinsping.mp3; sourceTree = "<group>"; };
		47AFF6E22B7C8C70004868D0 /* LookUpsView.swift */ = {isa = PBXFileReference; lastKnownFileType = sourcecode.swift; path = LookUpsView.swift; sourceTree = "<group>"; };
		47AFF6E42B7CAC71004868D0 /* SingersView.swift */ = {isa = PBXFileReference; lastKnownFileType = sourcecode.swift; path = SingersView.swift; sourceTree = "<group>"; };
		47B10CAA2C21BA580092BC66 /* tafeleend.jpg */ = {isa = PBXFileReference; lastKnownFileType = image.jpeg; path = tafeleend.jpg; sourceTree = "<group>"; };
		47C8E9AF2BC9798500234EF4 /* Ravens.entitlements */ = {isa = PBXFileReference; lastKnownFileType = text.plist.entitlements; path = Ravens.entitlements; sourceTree = "<group>"; };
		47D159DD2BC3CCB300F7CD23 /* EndOfListObsView.swift */ = {isa = PBXFileReference; lastKnownFileType = sourcecode.swift; path = EndOfListObsView.swift; sourceTree = "<group>"; };
		47DB89B32B7A397F0093C1ED /* ObsViewModel.swift */ = {isa = PBXFileReference; lastKnownFileType = sourcecode.swift; path = ObsViewModel.swift; sourceTree = "<group>"; };
		47DB89B72B7A3AB20093C1ED /* ObsDetailsView.swift */ = {isa = PBXFileReference; lastKnownFileType = sourcecode.swift; path = ObsDetailsView.swift; sourceTree = "<group>"; };
		47F5D2F02BADDB9F0071BB6E /* Notes.md */ = {isa = PBXFileReference; lastKnownFileType = net.daringfireball.markdown; path = Notes.md; sourceTree = "<group>"; };
		47FAD0E22C19DB56007D0F63 /* TestLocationsList.swift */ = {isa = PBXFileReference; lastKnownFileType = sourcecode.swift; path = TestLocationsList.swift; sourceTree = "<group>"; };
		47FAD0E42C1AE9D8007D0F63 /* dataloading.json */ = {isa = PBXFileReference; fileEncoding = 4; lastKnownFileType = text.json; path = dataloading.json; sourceTree = "<group>"; };
/* End PBXFileReference section */

/* Begin PBXFrameworksBuildPhase section */
		474C40252B4BC4040038B3A5 /* Frameworks */ = {
			isa = PBXFrameworksBuildPhase;
			buildActionMask = 2147483647;
			files = (
				47FAD0E12C19D25C007D0F63 /* Kingfisher in Frameworks */,
				47D99A3E2B9ED73A0012F0DE /* SwiftAudioEx in Frameworks */,
				474C40412B4BC5780038B3A5 /* Alamofire in Frameworks */,
				4718753C2BFCA77000EF9F1F /* SVGView in Frameworks */,
				4784B5402B7BDAA60051D03E /* AlamofireImage in Frameworks */,
				474C404F2B4BD24F0038B3A5 /* RichText in Frameworks */,
				471875372BF7B60500EF9F1F /* PartialSheet in Frameworks */,
				4770754B2B711681002D2DD8 /* KeychainAccess in Frameworks */,
				471875342BF7767600EF9F1F /* SwiftUIPager in Frameworks */,
				4793A5882C286AF0002739B6 /* SwiftSoup in Frameworks */,
				474093872B55B7AC004F10C5 /* MarkdownUI in Frameworks */,
				4774D2CA2B5BEE420096A0E3 /* SwiftyBeaver in Frameworks */,
				477ED8712BA9D0AD00B0D73C /* Lottie in Frameworks */,
			);
			runOnlyForDeploymentPostprocessing = 0;
		};
/* End PBXFrameworksBuildPhase section */

/* Begin PBXGroup section */
		4718753D2BFCA7F600EF9F1F /* Graphics */ = {
			isa = PBXGroup;
			children = (
				47B10CAA2C21BA580092BC66 /* tafeleend.jpg */,
				474C402F2B4BC4080038B3A5 /* Assets.xcassets */,
				471875402BFD186700EF9F1F /* w_wikipedia.svg */,
				4718753E2BFCA81900EF9F1F /* plus-square.svg */,
			);
			path = Graphics;
			sourceTree = "<group>";
		};
		474C401F2B4BC4040038B3A5 = {
			isa = PBXGroup;
			children = (
				47778E362C039D9E00C59A1A /* SonogramView.swift */,
				478EABE82BED3A2300414431 /* ShareTextView.swift */,
				4771C2D42B9E229F0044783A /* perkinspingdoorvoer.mp3 */,
				47FAD0E42C1AE9D8007D0F63 /* dataloading.json */,
				47A79E602B98AE5A004FBF20 /* perkinsping.mp3 */,
				474C402A2B4BC4040038B3A5 /* Ravens */,
				474C40292B4BC4040038B3A5 /* Products */,
			);
			sourceTree = "<group>";
		};
		474C40292B4BC4040038B3A5 /* Products */ = {
			isa = PBXGroup;
			children = (
				474C40282B4BC4040038B3A5 /* Ravens.app */,
			);
			name = Products;
			sourceTree = "<group>";
		};
		474C402A2B4BC4040038B3A5 /* Ravens */ = {
			isa = PBXGroup;
			children = (
				47C8E9AF2BC9798500234EF4 /* Ravens.entitlements */,
				476843D22BA9D333004EF208 /* StartUp */,
				47A79E5F2B98AC22004FBF20 /* Info.plist */,
				4781539A2B57BDC2005F87CC /* README.md */,
				47F5D2F02BADDB9F0071BB6E /* Notes.md */,
				47CF61DD2B60EDCD00709CE3 /* NotUsed */,
				474C40812B4D17B40038B3A5 /* Data */,
				474C40802B4D17AA0038B3A5 /* Models */,
				474C40822B4D17C00038B3A5 /* Views */,
				474C402D2B4BC4040038B3A5 /* ContentView.swift */,
				474C402B2B4BC4040038B3A5 /* RavensApp.swift */,
				474C40312B4BC4080038B3A5 /* Preview Content */,
				4781539C2B57C166005F87CC /* Localizable.xcstrings */,
			);
			path = Ravens;
			sourceTree = "<group>";
		};
		474C40312B4BC4080038B3A5 /* Preview Content */ = {
			isa = PBXGroup;
			children = (
				474C40322B4BC4080038B3A5 /* Preview Assets.xcassets */,
			);
			path = "Preview Content";
			sourceTree = "<group>";
		};
		474C40802B4D17AA0038B3A5 /* Models */ = {
			isa = PBXGroup;
			children = (
				474C40852B4D84030038B3A5 /* Settings.swift */,
				474C405A2B4C04C70038B3A5 /* SpeciesGroupViewModel.swift */,
				471875422C00542100EF9F1F /* LocationManagerModel.swift */,
				474C403D2B4BC5400038B3A5 /* SpeciesViewModel.swift */,
				474C40492B4BCC920038B3A5 /* SpeciesDetailsViewModel.swift */,
				474C40542B4BFDC90038B3A5 /* RegionListViewModel.swift */,
				474C40602B4C08FB0038B3A5 /* LanguageViewModel.swift */,
				474C408B2B4DAC590038B3A5 /* RegionsViewModel.swift */,
				47568D2E2B59BA1300E69B1A /* ObservationsSpeciesViewModel.swift */,
				47DB89B32B7A397F0093C1ED /* ObsViewModel.swift */,
				474C40992B50073C0038B3A5 /* ObservationsRadiusViewModel.swift */,
				4785CD1C2B964C0E002F52BE /* ObservationsUserViewModel.swift */,
				4704110C2BB1C82000A498F5 /* ObservationsLocationViewModel.swift */,
				4785CD182B95C856002F52BE /* UserViewModel.swift */,
				4725B9602BB14BD400F6F137 /* LocationIdViewModel.swift */,
				470F112E2BB18C5E003FE0C0 /* GeoJSONViewModel.swift */,
				4749194A2BD8F0690076F6F0 /* ObservationsYearViewModel.swift */,
				472633222BB598E600CEA05E /* PoiViewModel.swift */,
				4738B6382BF380B500BF7557 /* LocationViewModel.swift */,
				47826CC02BF62DBB003E8F21 /* WikipediaViewModel.swift */,
			);
			path = Models;
			sourceTree = "<group>";
		};
		474C40812B4D17B40038B3A5 /* Data */ = {
			isa = PBXGroup;
			children = (
				472633202BB5981A00CEA05E /* poi.json */,
				4784FA5B2B55039900FEC7F9 /* ExtensionsAndFunctions.swift */,
				474C403B2B4BC5070038B3A5 /* Species.swift */,
				474C40472B4BCC6B0038B3A5 /* SpeciesDetails.swift */,
				474C40522B4BFD090038B3A5 /* RegionList.swift */,
				474C40582B4C047B0038B3A5 /* SpeciesGroup.swift */,
				474C405E2B4C08750038B3A5 /* Language.swift */,
				474C40892B4DAA110038B3A5 /* Region.swift */,
				47568D2C2B59B54500E69B1A /* Observations.swift */,
				4785CD162B95C835002F52BE /* User.swift */,
				4725B9622BB14C2C00F6F137 /* LocationJSON.swift */,
				47826CBE2BF62D96003E8F21 /* WikipediaPage.swift */,
			);
			path = Data;
			sourceTree = "<group>";
		};
		474C40822B4D17C00038B3A5 /* Views */ = {
			isa = PBXGroup;
			children = (
				4767F00B2BF3291400BACDC6 /* Lists */,
				4767F0072BF322E900BACDC6 /* Radius */,
				4767F0062BF27F2C00BACDC6 /* Area */,
				4767F0092BF3230400BACDC6 /* User */,
				4767F0082BF322F000BACDC6 /* Species */,
				4767F00A2BF3230C00BACDC6 /* Settings */,
				47714FD02BD15A2600361C55 /* CircleButton.swift */,
				4717C0BE2B9CC41400B570D0 /* YearView.swift */,
				472633242BB5998400CEA05E /* POIsView.swift */,
				477ECF132B98897100D96BE9 /* NetworkView.swift */,
				476FA8A52B9B031B00665613 /* SoundsView.swift */,
				4785CD1A2B95C87E002F52BE /* UserView.swift */,
				4767EFF62BF1F07700BACDC6 /* QRCodeView.swift */,
				474093812B558F82004F10C5 /* ObservationDetailsView.swift */,
				4784B5412B7BE1040051D03E /* AFImageView.swift */,
				47D159DD2BC3CCB300F7CD23 /* EndOfListObsView.swift */,
				474C408D2B4DB2850038B3A5 /* RegionsView.swift */,
				47826CC22BF62DE4003E8F21 /* WikipediaView.swift */,
				4718753D2BFCA7F600EF9F1F /* Graphics */,
			);
			path = Views;
			sourceTree = "<group>";
		};
		4767F0062BF27F2C00BACDC6 /* Area */ = {
			isa = PBXGroup;
			children = (
				4738B63E2BF4E43800BF7557 /* ObsAreaView.swift */,
				4767F0002BF251C200BACDC6 /* LocationView.swift */,
				470411102BB2B61800A498F5 /* MapObservationsLocationView.swift */,
				4704110E2BB1EF1B00A498F5 /* ObservationsLocationsView.swift */,
			);
			path = Area;
			sourceTree = "<group>";
		};
		4767F0072BF322E900BACDC6 /* Radius */ = {
			isa = PBXGroup;
			children = (
				471438BA2BBFD3AD00DF35DE /* ObsRadiusView.swift */,
				4767EFFE2BF2389000BACDC6 /* RadiusView.swift */,
				474C40832B4D189F0038B3A5 /* MapObservationRadiusView.swift */,
				474C409B2B500AE90038B3A5 /* ObservationsRadiusView.swift */,
			);
			path = Radius;
			sourceTree = "<group>";
		};
		4767F0082BF322F000BACDC6 /* Species */ = {
			isa = PBXGroup;
			children = (
				4738B63C2BF4DEA400BF7557 /* ObsSpeciesView.swift */,
				4767F0042BF256B100BACDC6 /* TabSpeciesView.swift */,
				474C40452B4BC66A0038B3A5 /* SpeciesView.swift */,
				47568D322B5A724D00E69B1A /* MapObservationsSpeciesView.swift */,
				47568D302B59BABB00E69B1A /* ObservationsSpeciesView.swift */,
				474C404B2B4BCE340038B3A5 /* SpeciesDetailsView.swift */,
			);
			path = Species;
			sourceTree = "<group>";
		};
		4767F0092BF3230400BACDC6 /* User */ = {
			isa = PBXGroup;
			children = (
				4738B6402BF4E7C900BF7557 /* ObsUserView.swift */,
				4767F0022BF2529000BACDC6 /* TabUserObservationsView.swift */,
				4785CD202B964FAC002F52BE /* MapObservationsUserView.swift */,
				4785CD222B965237002F52BE /* ObservationsUserView.swift */,
			);
			path = User;
			sourceTree = "<group>";
		};
		4767F00A2BF3230C00BACDC6 /* Settings */ = {
			isa = PBXGroup;
			children = (
				471875442C00546A00EF9F1F /* LocationManagerView.swift */,
				474C40622B4C091F0038B3A5 /* LanguageView.swift */,
				478DE5452B6554E600FF7737 /* SettingsDetailsView.swift */,
				4757E0752B7F3426003F148E /* LoginView.swift */,
				474093832B55B5DE004F10C5 /* ManualView.swift */,
				474C407E2B4D15610038B3A5 /* SettingsView.swift */,
				471875462C022A2B00EF9F1F /* SpeciesGroupsView.swift */,
			);
			path = Settings;
			sourceTree = "<group>";
		};
		4767F00B2BF3291400BACDC6 /* Lists */ = {
			isa = PBXGroup;
			children = (
				4793A5892C29334E002739B6 /* waarneming-rarities.html */,
				4793A5842C286A76002739B6 /* HTMLView.swift */,
				478EABE62BEB8B8600414431 /* FileListViewModel.swift */,
				478EABE42BEB8A3E00414431 /* ObserversViewModel.swift */,
				4738B63A2BF4798800BF7557 /* BookMarksViewModel.swift */,
				471875382BFB938500EF9F1F /* AreasViewModel.swift */,
				47FAD0E22C19DB56007D0F63 /* TestLocationsList.swift */,
			);
			path = Lists;
			sourceTree = "<group>";
		};
		476843D22BA9D333004EF208 /* StartUp */ = {
			isa = PBXGroup;
			children = (
				477ED8722BA9D0C800B0D73C /* SplashScreenView.swift */,
				477ED86D2BA9CFE900B0D73C /* LottieView.swift */,
				476843D32BA9D43D004EF208 /* LottieFile.json */,
			);
			path = StartUp;
			sourceTree = "<group>";
		};
		47CF61DD2B60EDCD00709CE3 /* NotUsed */ = {
			isa = PBXGroup;
			children = (
				47AFF6E42B7CAC71004868D0 /* SingersView.swift */,
				47AFF6E22B7C8C70004868D0 /* LookUpsView.swift */,
				474C40562B4BFE950038B3A5 /* RegionListsView.swift */,
				474C405C2B4C05980038B3A5 /* SpeciesGroupView.swift */,
				47DB89B72B7A3AB20093C1ED /* ObsDetailsView.swift */,
				47079EBD2BB9D81F003D2E11 /* ObsExtendedView.swift */,
			);
			path = NotUsed;
			sourceTree = "<group>";
		};
/* End PBXGroup section */

/* Begin PBXNativeTarget section */
		474C40272B4BC4040038B3A5 /* Ravens */ = {
			isa = PBXNativeTarget;
			buildConfigurationList = 474C40362B4BC4080038B3A5 /* Build configuration list for PBXNativeTarget "Ravens" */;
			buildPhases = (
				474C40242B4BC4040038B3A5 /* Sources */,
				474C40252B4BC4040038B3A5 /* Frameworks */,
				474C40262B4BC4040038B3A5 /* Resources */,
			);
			buildRules = (
			);
			dependencies = (
			);
			name = Ravens;
			packageProductDependencies = (
				474C40402B4BC5780038B3A5 /* Alamofire */,
				474C404E2B4BD24F0038B3A5 /* RichText */,
				474093862B55B7AC004F10C5 /* MarkdownUI */,
				4774D2C92B5BEE420096A0E3 /* SwiftyBeaver */,
				4770754A2B711681002D2DD8 /* KeychainAccess */,
				4784B53F2B7BDAA60051D03E /* AlamofireImage */,
				47D99A3D2B9ED73A0012F0DE /* SwiftAudioEx */,
				477ED8702BA9D0AD00B0D73C /* Lottie */,
				471875332BF7767600EF9F1F /* SwiftUIPager */,
				471875362BF7B60500EF9F1F /* PartialSheet */,
				4718753B2BFCA77000EF9F1F /* SVGView */,
				47FAD0E02C19D25C007D0F63 /* Kingfisher */,
				4793A5872C286AF0002739B6 /* SwiftSoup */,
			);
			productName = Ravens;
			productReference = 474C40282B4BC4040038B3A5 /* Ravens.app */;
			productType = "com.apple.product-type.application";
		};
/* End PBXNativeTarget section */

/* Begin PBXProject section */
		474C40202B4BC4040038B3A5 /* Project object */ = {
			isa = PBXProject;
			attributes = {
				BuildIndependentTargetsInParallel = 1;
				LastSwiftUpdateCheck = 1510;
				LastUpgradeCheck = 1520;
				TargetAttributes = {
					474C40272B4BC4040038B3A5 = {
						CreatedOnToolsVersion = 15.1;
					};
				};
			};
			buildConfigurationList = 474C40232B4BC4040038B3A5 /* Build configuration list for PBXProject "Ravens" */;
			compatibilityVersion = "Xcode 14.0";
			developmentRegion = en;
			hasScannedForEncodings = 0;
			knownRegions = (
				en,
				Base,
				nl,
			);
			mainGroup = 474C401F2B4BC4040038B3A5;
			packageReferences = (
				474C403F2B4BC5780038B3A5 /* XCRemoteSwiftPackageReference "Alamofire" */,
				474C404D2B4BD24F0038B3A5 /* XCRemoteSwiftPackageReference "RichText" */,
				474093852B55B7AC004F10C5 /* XCRemoteSwiftPackageReference "swift-markdown-ui" */,
				4774D2C82B5BEE420096A0E3 /* XCRemoteSwiftPackageReference "SwiftyBeaver" */,
				477075492B711681002D2DD8 /* XCRemoteSwiftPackageReference "KeychainAccess" */,
				4784B53E2B7BDAA60051D03E /* XCRemoteSwiftPackageReference "AlamofireImage" */,
				47D99A3C2B9ED73A0012F0DE /* XCRemoteSwiftPackageReference "SwiftAudioEx" */,
				477ED86F2BA9D0AD00B0D73C /* XCRemoteSwiftPackageReference "lottie-ios" */,
				471875322BF7767600EF9F1F /* XCRemoteSwiftPackageReference "SwiftUIPager" */,
				471875352BF7B60500EF9F1F /* XCRemoteSwiftPackageReference "PartialSheet" */,
				4718753A2BFCA77000EF9F1F /* XCRemoteSwiftPackageReference "SVGView" */,
				47FAD0DF2C19D25C007D0F63 /* XCRemoteSwiftPackageReference "Kingfisher" */,
				4793A5862C286AF0002739B6 /* XCRemoteSwiftPackageReference "SwiftSoup" */,
			);
			productRefGroup = 474C40292B4BC4040038B3A5 /* Products */;
			projectDirPath = "";
			projectRoot = "";
			targets = (
				474C40272B4BC4040038B3A5 /* Ravens */,
			);
		};
/* End PBXProject section */

/* Begin PBXResourcesBuildPhase section */
		474C40262B4BC4040038B3A5 /* Resources */ = {
			isa = PBXResourcesBuildPhase;
			buildActionMask = 2147483647;
			files = (
				4793A58A2C29334E002739B6 /* waarneming-rarities.html in Resources */,
				472633212BB5981A00CEA05E /* poi.json in Resources */,
				474C40332B4BC4080038B3A5 /* Preview Assets.xcassets in Resources */,
				4718753F2BFCA81900EF9F1F /* plus-square.svg in Resources */,
				4781539D2B57C166005F87CC /* Localizable.xcstrings in Resources */,
				476843D42BA9D43D004EF208 /* LottieFile.json in Resources */,
				474C40302B4BC4080038B3A5 /* Assets.xcassets in Resources */,
				47B10CAB2C21BA580092BC66 /* tafeleend.jpg in Resources */,
				471875412BFD186700EF9F1F /* w_wikipedia.svg in Resources */,
				4771C2D92B9E229F0044783A /* perkinspingdoorvoer.mp3 in Resources */,
				47A79E612B98AE5A004FBF20 /* perkinsping.mp3 in Resources */,
				47FAD0E52C1AE9D8007D0F63 /* dataloading.json in Resources */,
				4781539B2B57BDC2005F87CC /* README.md in Resources */,
			);
			runOnlyForDeploymentPostprocessing = 0;
		};
/* End PBXResourcesBuildPhase section */

/* Begin PBXSourcesBuildPhase section */
		474C40242B4BC4040038B3A5 /* Sources */ = {
			isa = PBXSourcesBuildPhase;
			buildActionMask = 2147483647;
			files = (
				4785CD1D2B964C0E002F52BE /* ObservationsUserViewModel.swift in Sources */,
				4704110D2BB1C82000A498F5 /* ObservationsLocationViewModel.swift in Sources */,
				47568D2F2B59BA1300E69B1A /* ObservationsSpeciesViewModel.swift in Sources */,
				4785CD192B95C856002F52BE /* UserViewModel.swift in Sources */,
				47714FD12BD15A2600361C55 /* CircleButton.swift in Sources */,
				474093842B55B5DE004F10C5 /* ManualView.swift in Sources */,
				474C40632B4C091F0038B3A5 /* LanguageView.swift in Sources */,
				4725B9632BB14C2C00F6F137 /* LocationJSON.swift in Sources */,
				4738B6392BF380B500BF7557 /* LocationViewModel.swift in Sources */,
				474C40572B4BFE950038B3A5 /* RegionListsView.swift in Sources */,
				477ED8732BA9D0C800B0D73C /* SplashScreenView.swift in Sources */,
				4767EFFF2BF2389000BACDC6 /* RadiusView.swift in Sources */,
				47826CBF2BF62D96003E8F21 /* WikipediaPage.swift in Sources */,
				478DE5462B6554E600FF7737 /* SettingsDetailsView.swift in Sources */,
				474C40552B4BFDC90038B3A5 /* RegionListViewModel.swift in Sources */,
				4785CD232B965237002F52BE /* ObservationsUserView.swift in Sources */,
				470411112BB2B61800A498F5 /* MapObservationsLocationView.swift in Sources */,
				4785CD1B2B95C87E002F52BE /* UserView.swift in Sources */,
				47DB89B42B7A397F0093C1ED /* ObsViewModel.swift in Sources */,
				474C407F2B4D15610038B3A5 /* SettingsView.swift in Sources */,
				47AFF6E52B7CAC71004868D0 /* SingersView.swift in Sources */,
				471875452C00546A00EF9F1F /* LocationManagerView.swift in Sources */,
				47AFF6E32B7C8C70004868D0 /* LookUpsView.swift in Sources */,
				474C40612B4C08FB0038B3A5 /* LanguageViewModel.swift in Sources */,
				474C408E2B4DB2850038B3A5 /* RegionsView.swift in Sources */,
				47826CC12BF62DBB003E8F21 /* WikipediaViewModel.swift in Sources */,
				474C40532B4BFD090038B3A5 /* RegionList.swift in Sources */,
				474C408A2B4DAA110038B3A5 /* Region.swift in Sources */,
				4725B9612BB14BD400F6F137 /* LocationIdViewModel.swift in Sources */,
				47568D2D2B59B54500E69B1A /* Observations.swift in Sources */,
				474C404C2B4BCE340038B3A5 /* SpeciesDetailsView.swift in Sources */,
				4738B63F2BF4E43800BF7557 /* ObsAreaView.swift in Sources */,
				474C402E2B4BC4040038B3A5 /* ContentView.swift in Sources */,
				474C40842B4D189F0038B3A5 /* MapObservationRadiusView.swift in Sources */,
				478EABE72BEB8B8600414431 /* FileListViewModel.swift in Sources */,
				4767EFF72BF1F07700BACDC6 /* QRCodeView.swift in Sources */,
				4738B63D2BF4DEA400BF7557 /* ObsSpeciesView.swift in Sources */,
				471875432C00542100EF9F1F /* LocationManagerModel.swift in Sources */,
				474C40462B4BC66A0038B3A5 /* SpeciesView.swift in Sources */,
				4704110F2BB1EF1B00A498F5 /* ObservationsLocationsView.swift in Sources */,
				47D159DE2BC3CCB300F7CD23 /* EndOfListObsView.swift in Sources */,
				4793A5852C286A76002739B6 /* HTMLView.swift in Sources */,
				472633232BB598E600CEA05E /* PoiViewModel.swift in Sources */,
				474093822B558F82004F10C5 /* ObservationDetailsView.swift in Sources */,
				474C405F2B4C08750038B3A5 /* Language.swift in Sources */,
				4738B6412BF4E7C900BF7557 /* ObsUserView.swift in Sources */,
				471875392BFB938500EF9F1F /* AreasViewModel.swift in Sources */,
				474C408C2B4DAC590038B3A5 /* RegionsViewModel.swift in Sources */,
				47079EBE2BB9D81F003D2E11 /* ObsExtendedView.swift in Sources */,
				4717C0BF2B9CC41400B570D0 /* YearView.swift in Sources */,
				47DB89B82B7A3AB20093C1ED /* ObsDetailsView.swift in Sources */,
				4784FA5C2B55039900FEC7F9 /* ExtensionsAndFunctions.swift in Sources */,
				474C405B2B4C04C70038B3A5 /* SpeciesGroupViewModel.swift in Sources */,
				471875472C022A2C00EF9F1F /* SpeciesGroupsView.swift in Sources */,
				474C40592B4C047B0038B3A5 /* SpeciesGroup.swift in Sources */,
				476FA8A62B9B031B00665613 /* SoundsView.swift in Sources */,
				472633252BB5998400CEA05E /* POIsView.swift in Sources */,
				477ECF142B98897100D96BE9 /* NetworkView.swift in Sources */,
				47568D332B5A724D00E69B1A /* MapObservationsSpeciesView.swift in Sources */,
				474C403C2B4BC5070038B3A5 /* Species.swift in Sources */,
				474C402C2B4BC4040038B3A5 /* RavensApp.swift in Sources */,
				4738B63B2BF4798800BF7557 /* BookMarksViewModel.swift in Sources */,
				474C40862B4D84030038B3A5 /* Settings.swift in Sources */,
				477ED86E2BA9CFE900B0D73C /* LottieView.swift in Sources */,
				474C404A2B4BCC920038B3A5 /* SpeciesDetailsViewModel.swift in Sources */,
				478EABE52BEB8A3E00414431 /* ObserversViewModel.swift in Sources */,
				47778E372C039D9E00C59A1A /* SonogramView.swift in Sources */,
				474C403E2B4BC5400038B3A5 /* SpeciesViewModel.swift in Sources */,
				4757E0762B7F3426003F148E /* LoginView.swift in Sources */,
				47826CC32BF62DE4003E8F21 /* WikipediaView.swift in Sources */,
				474C409A2B50073C0038B3A5 /* ObservationsRadiusViewModel.swift in Sources */,
				474C40482B4BCC6B0038B3A5 /* SpeciesDetails.swift in Sources */,
				4767F0032BF2529000BACDC6 /* TabUserObservationsView.swift in Sources */,
				474C405D2B4C05980038B3A5 /* SpeciesGroupView.swift in Sources */,
				47FAD0E32C19DB56007D0F63 /* TestLocationsList.swift in Sources */,
				4767F0052BF256B100BACDC6 /* TabSpeciesView.swift in Sources */,
				474C409C2B500AE90038B3A5 /* ObservationsRadiusView.swift in Sources */,
				4784B5422B7BE1040051D03E /* AFImageView.swift in Sources */,
				47568D312B59BABB00E69B1A /* ObservationsSpeciesView.swift in Sources */,
				478EABE92BED3A2300414431 /* ShareTextView.swift in Sources */,
				471438BB2BBFD3AD00DF35DE /* ObsRadiusView.swift in Sources */,
				4785CD172B95C835002F52BE /* User.swift in Sources */,
				4749194B2BD8F0690076F6F0 /* ObservationsYearViewModel.swift in Sources */,
				4767F0012BF251C200BACDC6 /* LocationView.swift in Sources */,
				470F112F2BB18C5E003FE0C0 /* GeoJSONViewModel.swift in Sources */,
				4785CD212B964FAC002F52BE /* MapObservationsUserView.swift in Sources */,
			);
			runOnlyForDeploymentPostprocessing = 0;
		};
/* End PBXSourcesBuildPhase section */

/* Begin XCBuildConfiguration section */
		474C40342B4BC4080038B3A5 /* Debug */ = {
			isa = XCBuildConfiguration;
			buildSettings = {
				ALWAYS_SEARCH_USER_PATHS = NO;
				ASSETCATALOG_COMPILER_GENERATE_SWIFT_ASSET_SYMBOL_EXTENSIONS = YES;
				CLANG_ANALYZER_LOCALIZABILITY_NONLOCALIZED = YES;
				CLANG_ANALYZER_NONNULL = YES;
				CLANG_ANALYZER_NUMBER_OBJECT_CONVERSION = YES_AGGRESSIVE;
				CLANG_CXX_LANGUAGE_STANDARD = "gnu++20";
				CLANG_ENABLE_MODULES = YES;
				CLANG_ENABLE_OBJC_ARC = YES;
				CLANG_ENABLE_OBJC_WEAK = YES;
				CLANG_WARN_BLOCK_CAPTURE_AUTORELEASING = YES;
				CLANG_WARN_BOOL_CONVERSION = YES;
				CLANG_WARN_COMMA = YES;
				CLANG_WARN_CONSTANT_CONVERSION = YES;
				CLANG_WARN_DEPRECATED_OBJC_IMPLEMENTATIONS = YES;
				CLANG_WARN_DIRECT_OBJC_ISA_USAGE = YES_ERROR;
				CLANG_WARN_DOCUMENTATION_COMMENTS = YES;
				CLANG_WARN_EMPTY_BODY = YES;
				CLANG_WARN_ENUM_CONVERSION = YES;
				CLANG_WARN_INFINITE_RECURSION = YES;
				CLANG_WARN_INT_CONVERSION = YES;
				CLANG_WARN_NON_LITERAL_NULL_CONVERSION = YES;
				CLANG_WARN_OBJC_IMPLICIT_RETAIN_SELF = YES;
				CLANG_WARN_OBJC_LITERAL_CONVERSION = YES;
				CLANG_WARN_OBJC_ROOT_CLASS = YES_ERROR;
				CLANG_WARN_QUOTED_INCLUDE_IN_FRAMEWORK_HEADER = YES;
				CLANG_WARN_RANGE_LOOP_ANALYSIS = YES;
				CLANG_WARN_STRICT_PROTOTYPES = YES;
				CLANG_WARN_SUSPICIOUS_MOVE = YES;
				CLANG_WARN_UNGUARDED_AVAILABILITY = YES_AGGRESSIVE;
				CLANG_WARN_UNREACHABLE_CODE = YES;
				CLANG_WARN__DUPLICATE_METHOD_MATCH = YES;
				COPY_PHASE_STRIP = NO;
				DEBUG_INFORMATION_FORMAT = dwarf;
				ENABLE_STRICT_OBJC_MSGSEND = YES;
				ENABLE_TESTABILITY = YES;
				ENABLE_USER_SCRIPT_SANDBOXING = YES;
				GCC_C_LANGUAGE_STANDARD = gnu17;
				GCC_DYNAMIC_NO_PIC = NO;
				GCC_NO_COMMON_BLOCKS = YES;
				GCC_OPTIMIZATION_LEVEL = 0;
				GCC_PREPROCESSOR_DEFINITIONS = (
					"DEBUG=1",
					"$(inherited)",
				);
				GCC_WARN_64_TO_32_BIT_CONVERSION = YES;
				GCC_WARN_ABOUT_RETURN_TYPE = YES_ERROR;
				GCC_WARN_UNDECLARED_SELECTOR = YES;
				GCC_WARN_UNINITIALIZED_AUTOS = YES_AGGRESSIVE;
				GCC_WARN_UNUSED_FUNCTION = YES;
				GCC_WARN_UNUSED_VARIABLE = YES;
				IPHONEOS_DEPLOYMENT_TARGET = 17.2;
				LOCALIZATION_PREFERS_STRING_CATALOGS = YES;
				MTL_ENABLE_DEBUG_INFO = INCLUDE_SOURCE;
				MTL_FAST_MATH = YES;
				ONLY_ACTIVE_ARCH = YES;
				SDKROOT = iphoneos;
				SWIFT_ACTIVE_COMPILATION_CONDITIONS = "DEBUG $(inherited)";
				SWIFT_OPTIMIZATION_LEVEL = "-Onone";
			};
			name = Debug;
		};
		474C40352B4BC4080038B3A5 /* Release */ = {
			isa = XCBuildConfiguration;
			buildSettings = {
				ALWAYS_SEARCH_USER_PATHS = NO;
				ASSETCATALOG_COMPILER_GENERATE_SWIFT_ASSET_SYMBOL_EXTENSIONS = YES;
				CLANG_ANALYZER_LOCALIZABILITY_NONLOCALIZED = YES;
				CLANG_ANALYZER_NONNULL = YES;
				CLANG_ANALYZER_NUMBER_OBJECT_CONVERSION = YES_AGGRESSIVE;
				CLANG_CXX_LANGUAGE_STANDARD = "gnu++20";
				CLANG_ENABLE_MODULES = YES;
				CLANG_ENABLE_OBJC_ARC = YES;
				CLANG_ENABLE_OBJC_WEAK = YES;
				CLANG_WARN_BLOCK_CAPTURE_AUTORELEASING = YES;
				CLANG_WARN_BOOL_CONVERSION = YES;
				CLANG_WARN_COMMA = YES;
				CLANG_WARN_CONSTANT_CONVERSION = YES;
				CLANG_WARN_DEPRECATED_OBJC_IMPLEMENTATIONS = YES;
				CLANG_WARN_DIRECT_OBJC_ISA_USAGE = YES_ERROR;
				CLANG_WARN_DOCUMENTATION_COMMENTS = YES;
				CLANG_WARN_EMPTY_BODY = YES;
				CLANG_WARN_ENUM_CONVERSION = YES;
				CLANG_WARN_INFINITE_RECURSION = YES;
				CLANG_WARN_INT_CONVERSION = YES;
				CLANG_WARN_NON_LITERAL_NULL_CONVERSION = YES;
				CLANG_WARN_OBJC_IMPLICIT_RETAIN_SELF = YES;
				CLANG_WARN_OBJC_LITERAL_CONVERSION = YES;
				CLANG_WARN_OBJC_ROOT_CLASS = YES_ERROR;
				CLANG_WARN_QUOTED_INCLUDE_IN_FRAMEWORK_HEADER = YES;
				CLANG_WARN_RANGE_LOOP_ANALYSIS = YES;
				CLANG_WARN_STRICT_PROTOTYPES = YES;
				CLANG_WARN_SUSPICIOUS_MOVE = YES;
				CLANG_WARN_UNGUARDED_AVAILABILITY = YES_AGGRESSIVE;
				CLANG_WARN_UNREACHABLE_CODE = YES;
				CLANG_WARN__DUPLICATE_METHOD_MATCH = YES;
				COPY_PHASE_STRIP = NO;
				DEBUG_INFORMATION_FORMAT = "dwarf-with-dsym";
				ENABLE_NS_ASSERTIONS = NO;
				ENABLE_STRICT_OBJC_MSGSEND = YES;
				ENABLE_USER_SCRIPT_SANDBOXING = YES;
				GCC_C_LANGUAGE_STANDARD = gnu17;
				GCC_NO_COMMON_BLOCKS = YES;
				GCC_WARN_64_TO_32_BIT_CONVERSION = YES;
				GCC_WARN_ABOUT_RETURN_TYPE = YES_ERROR;
				GCC_WARN_UNDECLARED_SELECTOR = YES;
				GCC_WARN_UNINITIALIZED_AUTOS = YES_AGGRESSIVE;
				GCC_WARN_UNUSED_FUNCTION = YES;
				GCC_WARN_UNUSED_VARIABLE = YES;
				IPHONEOS_DEPLOYMENT_TARGET = 17.2;
				LOCALIZATION_PREFERS_STRING_CATALOGS = YES;
				MTL_ENABLE_DEBUG_INFO = NO;
				MTL_FAST_MATH = YES;
				SDKROOT = iphoneos;
				SWIFT_COMPILATION_MODE = wholemodule;
				VALIDATE_PRODUCT = YES;
			};
			name = Release;
		};
		474C40372B4BC4080038B3A5 /* Debug */ = {
			isa = XCBuildConfiguration;
			buildSettings = {
				ASSETCATALOG_COMPILER_APPICON_NAME = AppIcon;
				ASSETCATALOG_COMPILER_GLOBAL_ACCENT_COLOR_NAME = AccentColor;
				CODE_SIGN_ENTITLEMENTS = Ravens/Ravens.entitlements;
				CODE_SIGN_STYLE = Automatic;
				CURRENT_PROJECT_VERSION = 22;
				DEVELOPMENT_ASSET_PATHS = "\"Ravens/Preview Content\"";
				DEVELOPMENT_TEAM = 278BFDM8KA;
				ENABLE_PREVIEWS = YES;
				ENABLE_USER_SCRIPT_SANDBOXING = NO;
				GENERATE_INFOPLIST_FILE = YES;
				INFOPLIST_FILE = Ravens/Info.plist;
				INFOPLIST_KEY_CFBundleDisplayName = "";
				INFOPLIST_KEY_LSApplicationCategoryType = "public.app-category.education";
				INFOPLIST_KEY_NSLocationWhenInUseUsageDescription = "Show the user location";
				INFOPLIST_KEY_NSPhotoLibraryUsageDescription = "Ravens would like to access Photos";
				INFOPLIST_KEY_UIApplicationSceneManifest_Generation = YES;
				INFOPLIST_KEY_UIApplicationSupportsIndirectInputEvents = YES;
				INFOPLIST_KEY_UILaunchScreen_Generation = YES;
				INFOPLIST_KEY_UISupportedInterfaceOrientations = UIInterfaceOrientationPortrait;
				INFOPLIST_KEY_UISupportedInterfaceOrientations_iPad = "UIInterfaceOrientationLandscapeLeft UIInterfaceOrientationLandscapeRight UIInterfaceOrientationPortrait UIInterfaceOrientationPortraitUpsideDown";
				LD_RUNPATH_SEARCH_PATHS = (
					"$(inherited)",
					"@executable_path/Frameworks",
				);
				MARKETING_VERSION = 1.2;
				PRODUCT_BUNDLE_IDENTIFIER = www.tastenbraille.com.Ravens;
				PRODUCT_NAME = "$(TARGET_NAME)";
				SWIFT_EMIT_LOC_STRINGS = YES;
				SWIFT_VERSION = 5.0;
				TARGETED_DEVICE_FAMILY = "1,2";
			};
			name = Debug;
		};
		474C40382B4BC4080038B3A5 /* Release */ = {
			isa = XCBuildConfiguration;
			buildSettings = {
				ASSETCATALOG_COMPILER_APPICON_NAME = AppIcon;
				ASSETCATALOG_COMPILER_GLOBAL_ACCENT_COLOR_NAME = AccentColor;
				CODE_SIGN_ENTITLEMENTS = Ravens/Ravens.entitlements;
				CODE_SIGN_STYLE = Automatic;
				CURRENT_PROJECT_VERSION = 22;
				DEVELOPMENT_ASSET_PATHS = "\"Ravens/Preview Content\"";
				DEVELOPMENT_TEAM = 278BFDM8KA;
				ENABLE_PREVIEWS = YES;
				ENABLE_USER_SCRIPT_SANDBOXING = NO;
				GENERATE_INFOPLIST_FILE = YES;
				INFOPLIST_FILE = Ravens/Info.plist;
				INFOPLIST_KEY_CFBundleDisplayName = "";
				INFOPLIST_KEY_LSApplicationCategoryType = "public.app-category.education";
				INFOPLIST_KEY_NSLocationWhenInUseUsageDescription = "Show the user location";
				INFOPLIST_KEY_NSPhotoLibraryUsageDescription = "Ravens would like to access Photos";
				INFOPLIST_KEY_UIApplicationSceneManifest_Generation = YES;
				INFOPLIST_KEY_UIApplicationSupportsIndirectInputEvents = YES;
				INFOPLIST_KEY_UILaunchScreen_Generation = YES;
				INFOPLIST_KEY_UISupportedInterfaceOrientations = UIInterfaceOrientationPortrait;
				INFOPLIST_KEY_UISupportedInterfaceOrientations_iPad = "UIInterfaceOrientationLandscapeLeft UIInterfaceOrientationLandscapeRight UIInterfaceOrientationPortrait UIInterfaceOrientationPortraitUpsideDown";
				LD_RUNPATH_SEARCH_PATHS = (
					"$(inherited)",
					"@executable_path/Frameworks",
				);
				MARKETING_VERSION = 1.2;
				PRODUCT_BUNDLE_IDENTIFIER = www.tastenbraille.com.Ravens;
				PRODUCT_NAME = "$(TARGET_NAME)";
				SWIFT_EMIT_LOC_STRINGS = YES;
				SWIFT_VERSION = 5.0;
				TARGETED_DEVICE_FAMILY = "1,2";
			};
			name = Release;
		};
/* End XCBuildConfiguration section */

/* Begin XCConfigurationList section */
		474C40232B4BC4040038B3A5 /* Build configuration list for PBXProject "Ravens" */ = {
			isa = XCConfigurationList;
			buildConfigurations = (
				474C40342B4BC4080038B3A5 /* Debug */,
				474C40352B4BC4080038B3A5 /* Release */,
			);
			defaultConfigurationIsVisible = 0;
			defaultConfigurationName = Release;
		};
		474C40362B4BC4080038B3A5 /* Build configuration list for PBXNativeTarget "Ravens" */ = {
			isa = XCConfigurationList;
			buildConfigurations = (
				474C40372B4BC4080038B3A5 /* Debug */,
				474C40382B4BC4080038B3A5 /* Release */,
			);
			defaultConfigurationIsVisible = 0;
			defaultConfigurationName = Release;
		};
/* End XCConfigurationList section */

/* Begin XCRemoteSwiftPackageReference section */
		471875322BF7767600EF9F1F /* XCRemoteSwiftPackageReference "SwiftUIPager" */ = {
			isa = XCRemoteSwiftPackageReference;
			repositoryURL = "https://github.com/fermoya/SwiftUIPager.git";
			requirement = {
				kind = upToNextMajorVersion;
				minimumVersion = 2.5.0;
			};
		};
		471875352BF7B60500EF9F1F /* XCRemoteSwiftPackageReference "PartialSheet" */ = {
			isa = XCRemoteSwiftPackageReference;
			repositoryURL = "https://github.com/AndreaMiotto/PartialSheet.git";
			requirement = {
				kind = upToNextMajorVersion;
				minimumVersion = 3.1.1;
			};
		};
		4718753A2BFCA77000EF9F1F /* XCRemoteSwiftPackageReference "SVGView" */ = {
			isa = XCRemoteSwiftPackageReference;
			repositoryURL = "https://github.com/exyte/SVGView.git";
			requirement = {
				kind = upToNextMajorVersion;
				minimumVersion = 1.0.6;
			};
		};
		474093852B55B7AC004F10C5 /* XCRemoteSwiftPackageReference "swift-markdown-ui" */ = {
			isa = XCRemoteSwiftPackageReference;
			repositoryURL = "https://github.com/gonzalezreal/swift-markdown-ui";
			requirement = {
				kind = upToNextMajorVersion;
				minimumVersion = 2.3.0;
			};
		};
		474C403F2B4BC5780038B3A5 /* XCRemoteSwiftPackageReference "Alamofire" */ = {
			isa = XCRemoteSwiftPackageReference;
			repositoryURL = "https://github.com/Alamofire/Alamofire";
			requirement = {
				kind = upToNextMajorVersion;
				minimumVersion = 5.8.1;
			};
		};
		474C404D2B4BD24F0038B3A5 /* XCRemoteSwiftPackageReference "RichText" */ = {
			isa = XCRemoteSwiftPackageReference;
			repositoryURL = "https://github.com/NuPlay/RichText";
			requirement = {
				kind = upToNextMajorVersion;
				minimumVersion = 2.3.0;
			};
		};
		477075492B711681002D2DD8 /* XCRemoteSwiftPackageReference "KeychainAccess" */ = {
			isa = XCRemoteSwiftPackageReference;
			repositoryURL = "https://github.com/kishikawakatsumi/KeychainAccess";
			requirement = {
				branch = master;
				kind = branch;
			};
		};
		4774D2C82B5BEE420096A0E3 /* XCRemoteSwiftPackageReference "SwiftyBeaver" */ = {
			isa = XCRemoteSwiftPackageReference;
			repositoryURL = "https://github.com/SwiftyBeaver/SwiftyBeaver";
			requirement = {
				kind = upToNextMajorVersion;
				minimumVersion = 2.0.0;
			};
		};
		477ED86F2BA9D0AD00B0D73C /* XCRemoteSwiftPackageReference "lottie-ios" */ = {
			isa = XCRemoteSwiftPackageReference;
			repositoryURL = "https://github.com/airbnb/lottie-ios";
			requirement = {
				kind = upToNextMajorVersion;
				minimumVersion = 4.4.1;
			};
		};
		4784B53E2B7BDAA60051D03E /* XCRemoteSwiftPackageReference "AlamofireImage" */ = {
			isa = XCRemoteSwiftPackageReference;
			repositoryURL = "https://github.com/Alamofire/AlamofireImage";
			requirement = {
				kind = upToNextMajorVersion;
				minimumVersion = 4.3.0;
			};
		};
		4793A5862C286AF0002739B6 /* XCRemoteSwiftPackageReference "SwiftSoup" */ = {
			isa = XCRemoteSwiftPackageReference;
			repositoryURL = "https://github.com/scinfu/SwiftSoup.git";
			requirement = {
				kind = upToNextMajorVersion;
				minimumVersion = 2.7.2;
			};
		};
		47D99A3C2B9ED73A0012F0DE /* XCRemoteSwiftPackageReference "SwiftAudioEx" */ = {
			isa = XCRemoteSwiftPackageReference;
			repositoryURL = "https://github.com/doublesymmetry/SwiftAudioEx";
			requirement = {
				kind = upToNextMajorVersion;
				minimumVersion = 1.0.0;
			};
		};
		47FAD0DF2C19D25C007D0F63 /* XCRemoteSwiftPackageReference "Kingfisher" */ = {
			isa = XCRemoteSwiftPackageReference;
			repositoryURL = "https://github.com/onevcat/Kingfisher.git";
			requirement = {
				kind = upToNextMajorVersion;
				minimumVersion = 7.12.0;
			};
		};
/* End XCRemoteSwiftPackageReference section */

/* Begin XCSwiftPackageProductDependency section */
		471875332BF7767600EF9F1F /* SwiftUIPager */ = {
			isa = XCSwiftPackageProductDependency;
			package = 471875322BF7767600EF9F1F /* XCRemoteSwiftPackageReference "SwiftUIPager" */;
			productName = SwiftUIPager;
		};
		471875362BF7B60500EF9F1F /* PartialSheet */ = {
			isa = XCSwiftPackageProductDependency;
			package = 471875352BF7B60500EF9F1F /* XCRemoteSwiftPackageReference "PartialSheet" */;
			productName = PartialSheet;
		};
		4718753B2BFCA77000EF9F1F /* SVGView */ = {
			isa = XCSwiftPackageProductDependency;
			package = 4718753A2BFCA77000EF9F1F /* XCRemoteSwiftPackageReference "SVGView" */;
			productName = SVGView;
		};
		474093862B55B7AC004F10C5 /* MarkdownUI */ = {
			isa = XCSwiftPackageProductDependency;
			package = 474093852B55B7AC004F10C5 /* XCRemoteSwiftPackageReference "swift-markdown-ui" */;
			productName = MarkdownUI;
		};
		474C40402B4BC5780038B3A5 /* Alamofire */ = {
			isa = XCSwiftPackageProductDependency;
			package = 474C403F2B4BC5780038B3A5 /* XCRemoteSwiftPackageReference "Alamofire" */;
			productName = Alamofire;
		};
		474C404E2B4BD24F0038B3A5 /* RichText */ = {
			isa = XCSwiftPackageProductDependency;
			package = 474C404D2B4BD24F0038B3A5 /* XCRemoteSwiftPackageReference "RichText" */;
			productName = RichText;
		};
		4770754A2B711681002D2DD8 /* KeychainAccess */ = {
			isa = XCSwiftPackageProductDependency;
			package = 477075492B711681002D2DD8 /* XCRemoteSwiftPackageReference "KeychainAccess" */;
			productName = KeychainAccess;
		};
		4774D2C92B5BEE420096A0E3 /* SwiftyBeaver */ = {
			isa = XCSwiftPackageProductDependency;
			package = 4774D2C82B5BEE420096A0E3 /* XCRemoteSwiftPackageReference "SwiftyBeaver" */;
			productName = SwiftyBeaver;
		};
		477ED8702BA9D0AD00B0D73C /* Lottie */ = {
			isa = XCSwiftPackageProductDependency;
			package = 477ED86F2BA9D0AD00B0D73C /* XCRemoteSwiftPackageReference "lottie-ios" */;
			productName = Lottie;
		};
		4784B53F2B7BDAA60051D03E /* AlamofireImage */ = {
			isa = XCSwiftPackageProductDependency;
			package = 4784B53E2B7BDAA60051D03E /* XCRemoteSwiftPackageReference "AlamofireImage" */;
			productName = AlamofireImage;
		};
		4793A5872C286AF0002739B6 /* SwiftSoup */ = {
			isa = XCSwiftPackageProductDependency;
			package = 4793A5862C286AF0002739B6 /* XCRemoteSwiftPackageReference "SwiftSoup" */;
			productName = SwiftSoup;
		};
		47D99A3D2B9ED73A0012F0DE /* SwiftAudioEx */ = {
			isa = XCSwiftPackageProductDependency;
			package = 47D99A3C2B9ED73A0012F0DE /* XCRemoteSwiftPackageReference "SwiftAudioEx" */;
			productName = SwiftAudioEx;
		};
		47FAD0E02C19D25C007D0F63 /* Kingfisher */ = {
			isa = XCSwiftPackageProductDependency;
			package = 47FAD0DF2C19D25C007D0F63 /* XCRemoteSwiftPackageReference "Kingfisher" */;
			productName = Kingfisher;
		};
/* End XCSwiftPackageProductDependency section */
	};
	rootObject = 474C40202B4BC4040038B3A5 /* Project object */;
}
